<?xml version="1.0" encoding="utf-8"?>
<Project ToolsVersion="4.0" xmlns="http://schemas.microsoft.com/developer/msbuild/2003">
  <ItemGroup>
    <Filter Include="EGL">
      <UniqueIdentifier>{e28dd12a-135b-43dc-83b5-9d329acfd64d}</UniqueIdentifier>
    </Filter>
    <Filter Include="FrameBufferObject">
      <UniqueIdentifier>{2f6d1b64-f45d-4869-8b83-3a554b4f21e5}</UniqueIdentifier>
    </Filter>
    <Filter Include="Material">
      <UniqueIdentifier>{bfdf1f5e-c6c1-48bb-aab5-4bcf6d5c1ea4}</UniqueIdentifier>
    </Filter>
    <Filter Include="RenderObject">
      <UniqueIdentifier>{657e5ed2-0ec1-4fbb-a3ed-5113e4d3186d}</UniqueIdentifier>
    </Filter>
    <Filter Include="Shader">
      <UniqueIdentifier>{1888a6e7-b44c-4591-a2b1-36d720eb8216}</UniqueIdentifier>
    </Filter>
    <Filter Include="Texture">
      <UniqueIdentifier>{2caf6a02-080e-4480-9180-f59f60b97dca}</UniqueIdentifier>
    </Filter>
  </ItemGroup>
  <ItemGroup>
    <Text Include="ReadMe.txt" />
  </ItemGroup>
  <ItemGroup>
    <ClCompile Include="..\..\..\Engine\EngineCore\native_render_system\gles_renderSystem\Texture\E3DGLESCubeMapTexture.cpp">
      <Filter>Texture</Filter>
    </ClCompile>
    <ClCompile Include="..\..\..\Engine\EngineCore\native_render_system\gles_renderSystem\Texture\E3DGLESRender2Texture.cpp">
      <Filter>Texture</Filter>
    </ClCompile>
    <ClCompile Include="..\..\..\Engine\EngineCore\native_render_system\gles_renderSystem\Texture\E3DGLESTexture.cpp">
      <Filter>Texture</Filter>
    </ClCompile>
    <ClCompile Include="..\..\..\Engine\EngineCore\native_render_system\gles_renderSystem\Texture\E3DGLESTextureDataManager.cpp">
      <Filter>Texture</Filter>
    </ClCompile>
    <ClCompile Include="..\..\..\Engine\EngineCore\native_render_system\gles_renderSystem\Shader\E3DGLESShader.cpp">
      <Filter>Shader</Filter>
    </ClCompile>
    <ClCompile Include="..\..\..\Engine\EngineCore\native_render_system\gles_renderSystem\Material\E3DGLESMaterial.cpp">
      <Filter>Material</Filter>
    </ClCompile>
    <ClCompile Include="..\..\..\Engine\EngineCore\native_render_system\gles_renderSystem\Material\E3DGLESMaterialManager.cpp">
      <Filter>Material</Filter>
    </ClCompile>
    <ClCompile Include="..\..\..\Engine\EngineCore\native_render_system\gles_renderSystem\EGL\EGLContext.cpp">
      <Filter>EGL</Filter>
    </ClCompile>
    <ClCompile Include="..\..\..\Engine\EngineCore\native_render_system\gles_renderSystem\FrameBufferObject\E3DFrameBufferObject.cpp">
      <Filter>FrameBufferObject</Filter>
    </ClCompile>
    <ClCompile Include="..\..\..\Engine\EngineCore\native_render_system\gles_renderSystem\RenderObject\E3DGLESRender.cpp">
      <Filter>RenderObject</Filter>
    </ClCompile>
    <ClCompile Include="..\..\..\Engine\EngineCore\native_render_system\gles_renderSystem\RenderObject\E3DGLESRenderManager.cpp">
      <Filter>RenderObject</Filter>
    </ClCompile>
    <ClCompile Include="..\..\..\Engine\EngineCore\native_render_system\gles_renderSystem\RenderObject\E3DGLESMeshRender.cpp">
      <Filter>RenderObject</Filter>
    </ClCompile>
    <ClCompile Include="..\..\..\Engine\EngineCore\native_render_system\gles_renderSystem\Shader\E3DGLESShaderManager.cpp">
      <Filter>Shader</Filter>
    </ClCompile>
    <ClCompile Include="..\..\..\Engine\EngineCore\native_render_system\gles_renderSystem\E3DGLESRenderSystem.cpp" />
  </ItemGroup>
  <ItemGroup>
    <ClInclude Include="..\..\..\Engine\EngineCore\native_render_system\gles_renderSystem\Texture\E3DGLESCubeMapTexture.hpp">
      <Filter>Texture</Filter>
    </ClInclude>
    <ClInclude Include="..\..\..\Engine\EngineCore\native_render_system\gles_renderSystem\Texture\E3DGLESRender2Texture.h">
      <Filter>Texture</Filter>
    </ClInclude>
    <ClInclude Include="..\..\..\Engine\EngineCore\native_render_system\gles_renderSystem\Texture\E3DGLESTexture.hpp">
      <Filter>Texture</Filter>
    </ClInclude>
    <ClInclude Include="..\..\..\Engine\EngineCore\native_render_system\gles_renderSystem\Texture\E3DGLESTextureDataManager.hpp">
      <Filter>Texture</Filter>
    </ClInclude>
    <ClInclude Include="..\..\..\Engine\EngineCore\native_render_system\gles_renderSystem\Shader\E3DGLESShader.hpp">
      <Filter>Shader</Filter>
    </ClInclude>
    <ClInclude Include="..\..\..\Engine\EngineCore\native_render_system\gles_renderSystem\Material\E3DGLESMaterial.hpp">
      <Filter>Material</Filter>
    </ClInclude>
    <ClInclude Include="..\..\..\Engine\EngineCore\native_render_system\gles_renderSystem\Material\E3DGLESMaterialManager.hpp">
      <Filter>Material</Filter>
    </ClInclude>
    <ClInclude Include="..\..\..\Engine\EngineCore\native_render_system\gles_renderSystem\EGL\EGLContext.h">
      <Filter>EGL</Filter>
    </ClInclude>
    <ClInclude Include="..\..\..\Engine\EngineCore\native_render_system\gles_renderSystem\FrameBufferObject\E3DFrameBufferObject.h">
      <Filter>FrameBufferObject</Filter>
    </ClInclude>
    <ClInclude Include="..\..\..\Engine\EngineCore\native_render_system\gles_renderSystem\RenderObject\E3DGLESRender.hpp">
      <Filter>RenderObject</Filter>
    </ClInclude>
    <ClInclude Include="..\..\..\Engine\EngineCore\native_render_system\gles_renderSystem\RenderObject\E3DGLESRenderManager.hpp">
      <Filter>RenderObject</Filter>
    </ClInclude>
    <ClInclude Include="..\..\..\Engine\EngineCore\native_render_system\gles_renderSystem\RenderObject\E3DGLESMeshRender.h">
      <Filter>RenderObject</Filter>
    </ClInclude>
    <ClInclude Include="..\..\..\Engine\EngineCore\native_render_system\gles_renderSystem\Shader\E3DGLESShaderManager.h">
      <Filter>Shader</Filter>
    </ClInclude>
    <ClInclude Include="..\..\..\Engine\EngineCore\native_render_system\gles_renderSystem\E3DGLESRenderSystem.hpp" />
    <ClInclude Include="..\..\..\Engine\EngineCore\native_render_system\gles_renderSystem\Include\Include.h" />
    <ClInclude Include="..\..\..\Engine\EngineCore\native_render_system\gles_renderSystem\Include\RenderSystemAPI.h" />
  </ItemGroup>
</Project>