<?xml version="1.0" encoding="utf-8"?>
<Project ToolsVersion="4.0" xmlns="http://schemas.microsoft.com/developer/msbuild/2003">
  <ItemGroup>
    <Filter Include="gles_renderSystem">
      <UniqueIdentifier>{d26afb9e-2a12-46f9-b438-1b11111fe9c3}</UniqueIdentifier>
    </Filter>
    <Filter Include="gles_renderSystem\Texture">
      <UniqueIdentifier>{2caf6a02-080e-4480-9180-f59f60b97dca}</UniqueIdentifier>
    </Filter>
    <Filter Include="gles_renderSystem\Shader">
      <UniqueIdentifier>{1888a6e7-b44c-4591-a2b1-36d720eb8216}</UniqueIdentifier>
    </Filter>
    <Filter Include="gles_renderSystem\Material">
      <UniqueIdentifier>{bfdf1f5e-c6c1-48bb-aab5-4bcf6d5c1ea4}</UniqueIdentifier>
    </Filter>
    <Filter Include="gles_renderSystem\EGL">
      <UniqueIdentifier>{e28dd12a-135b-43dc-83b5-9d329acfd64d}</UniqueIdentifier>
    </Filter>
    <Filter Include="gles_renderSystem\FrameBufferObject">
      <UniqueIdentifier>{2f6d1b64-f45d-4869-8b83-3a554b4f21e5}</UniqueIdentifier>
    </Filter>
    <Filter Include="gles_renderSystem\RenderObject">
      <UniqueIdentifier>{657e5ed2-0ec1-4fbb-a3ed-5113e4d3186d}</UniqueIdentifier>
    </Filter>
  </ItemGroup>
  <ItemGroup>
    <Text Include="ReadMe.txt" />
  </ItemGroup>
  <ItemGroup>
    <ClCompile Include="..\..\..\Engine\EngineCore\native_render_system\gles_renderSystem\E3DGLESRenderSystem.cpp">
      <Filter>gles_renderSystem</Filter>
    </ClCompile>
    <ClCompile Include="..\..\..\Engine\EngineCore\native_render_system\gles_renderSystem\Texture\E3DGLESCubeMapTexture.cpp">
      <Filter>gles_renderSystem\Texture</Filter>
    </ClCompile>
    <ClCompile Include="..\..\..\Engine\EngineCore\native_render_system\gles_renderSystem\Texture\E3DGLESRender2Texture.cpp">
      <Filter>gles_renderSystem\Texture</Filter>
    </ClCompile>
    <ClCompile Include="..\..\..\Engine\EngineCore\native_render_system\gles_renderSystem\Texture\E3DGLESTexture.cpp">
      <Filter>gles_renderSystem\Texture</Filter>
    </ClCompile>
    <ClCompile Include="..\..\..\Engine\EngineCore\native_render_system\gles_renderSystem\Texture\E3DGLESTextureDataManager.cpp">
      <Filter>gles_renderSystem\Texture</Filter>
    </ClCompile>
    <ClCompile Include="..\..\..\Engine\EngineCore\native_render_system\gles_renderSystem\Shader\E3DGLESShader.cpp">
      <Filter>gles_renderSystem\Shader</Filter>
    </ClCompile>
    <ClCompile Include="..\..\..\Engine\EngineCore\native_render_system\gles_renderSystem\Material\E3DGLESMaterial.cpp">
      <Filter>gles_renderSystem\Material</Filter>
    </ClCompile>
    <ClCompile Include="..\..\..\Engine\EngineCore\native_render_system\gles_renderSystem\Material\E3DGLESMaterialManager.cpp">
      <Filter>gles_renderSystem\Material</Filter>
    </ClCompile>
    <ClCompile Include="..\..\..\Engine\EngineCore\native_render_system\gles_renderSystem\EGL\EGLContext.cpp">
      <Filter>gles_renderSystem\EGL</Filter>
    </ClCompile>
    <ClCompile Include="..\..\..\Engine\EngineCore\native_render_system\gles_renderSystem\FrameBufferObject\E3DFrameBufferObject.cpp">
      <Filter>gles_renderSystem\FrameBufferObject</Filter>
    </ClCompile>
    <ClCompile Include="..\..\..\Engine\EngineCore\native_render_system\gles_renderSystem\RenderObject\E3DGLESRender.cpp">
      <Filter>gles_renderSystem\RenderObject</Filter>
    </ClCompile>
    <ClCompile Include="..\..\..\Engine\EngineCore\native_render_system\gles_renderSystem\RenderObject\E3DGLESRenderManager.cpp">
      <Filter>gles_renderSystem\RenderObject</Filter>
    </ClCompile>
  </ItemGroup>
  <ItemGroup>
    <ClInclude Include="..\..\..\Engine\EngineCore\native_render_system\gles_renderSystem\E3DGLESRenderSystem.hpp">
      <Filter>gles_renderSystem</Filter>
    </ClInclude>
    <ClInclude Include="..\..\..\Engine\EngineCore\native_render_system\gles_renderSystem\Texture\E3DGLESCubeMapTexture.hpp">
      <Filter>gles_renderSystem\Texture</Filter>
    </ClInclude>
    <ClInclude Include="..\..\..\Engine\EngineCore\native_render_system\gles_renderSystem\Texture\E3DGLESRender2Texture.h">
      <Filter>gles_renderSystem\Texture</Filter>
    </ClInclude>
    <ClInclude Include="..\..\..\Engine\EngineCore\native_render_system\gles_renderSystem\Texture\E3DGLESTexture.hpp">
      <Filter>gles_renderSystem\Texture</Filter>
    </ClInclude>
    <ClInclude Include="..\..\..\Engine\EngineCore\native_render_system\gles_renderSystem\Texture\E3DGLESTextureDataManager.hpp">
      <Filter>gles_renderSystem\Texture</Filter>
    </ClInclude>
    <ClInclude Include="..\..\..\Engine\EngineCore\native_render_system\gles_renderSystem\Shader\E3DGLESShader.hpp">
      <Filter>gles_renderSystem\Shader</Filter>
    </ClInclude>
    <ClInclude Include="..\..\..\Engine\EngineCore\native_render_system\gles_renderSystem\Material\E3DGLESMaterial.hpp">
      <Filter>gles_renderSystem\Material</Filter>
    </ClInclude>
    <ClInclude Include="..\..\..\Engine\EngineCore\native_render_system\gles_renderSystem\Material\E3DGLESMaterialManager.hpp">
      <Filter>gles_renderSystem\Material</Filter>
    </ClInclude>
    <ClInclude Include="..\..\..\Engine\EngineCore\native_render_system\gles_renderSystem\EGL\EGLContext.h">
      <Filter>gles_renderSystem\EGL</Filter>
    </ClInclude>
    <ClInclude Include="..\..\..\Engine\EngineCore\native_render_system\gles_renderSystem\FrameBufferObject\E3DFrameBufferObject.h">
      <Filter>gles_renderSystem\FrameBufferObject</Filter>
    </ClInclude>
    <ClInclude Include="..\..\..\Engine\EngineCore\native_render_system\gles_renderSystem\RenderObject\E3DGLESRender.hpp">
      <Filter>gles_renderSystem\RenderObject</Filter>
    </ClInclude>
    <ClInclude Include="..\..\..\Engine\EngineCore\native_render_system\gles_renderSystem\RenderObject\E3DGLESRenderManager.hpp">
      <Filter>gles_renderSystem\RenderObject</Filter>
    </ClInclude>
    <ClInclude Include="..\..\..\Engine\EngineCore\native_render_system\gles_renderSystem\Include\Include.h">
      <Filter>gles_renderSystem</Filter>
    </ClInclude>
  </ItemGroup>
</Project>