Microsoft Visual Studio Solution File, Format Version 12.00
# Visual Studio 14
Project("{8BC9CEB8-8B4A-11D0-8D11-00A0C91BC942}") = "ALL_BUILD", "ALL_BUILD.vcxproj", "{E3B3A8BB-5EDB-361E-A10A-880E5A1103B0}"
	ProjectSection(ProjectDependencies) = postProject
		{53795FF9-9C4E-3FD6-A735-9157DDE294F0} = {53795FF9-9C4E-3FD6-A735-9157DDE294F0}
		{293BA844-9166-390F-BF47-AC094D39CB98} = {293BA844-9166-390F-BF47-AC094D39CB98}
		{7EF656E1-25E4-341C-B316-B30EB3AFF8DC} = {7EF656E1-25E4-341C-B316-B30EB3AFF8DC}
		{2B1726EA-77F9-32AB-888E-9CCB0AB605F8} = {2B1726EA-77F9-32AB-888E-9CCB0AB605F8}
		{1A274EF9-6513-3BEE-9E3B-1DB302A0411D} = {1A274EF9-6513-3BEE-9E3B-1DB302A0411D}
		{9DAEF332-007C-301C-9635-003D901A10BC} = {9DAEF332-007C-301C-9635-003D901A10BC}
		{A62ECB59-49E2-3316-8F74-85203C1E53AD} = {A62ECB59-49E2-3316-8F74-85203C1E53AD}
		{67EAA114-79F5-3230-87C4-8B716F18B396} = {67EAA114-79F5-3230-87C4-8B716F18B396}
		{6065BBFE-ADE4-3EAE-A2D6-F4B1EA5E6BE8} = {6065BBFE-ADE4-3EAE-A2D6-F4B1EA5E6BE8}
		{6ADA78C6-4B3B-389D-A4B5-7B291368F6D3} = {6ADA78C6-4B3B-389D-A4B5-7B291368F6D3}
		{30D8DFED-BD0A-3AB3-A890-E96119014EF1} = {30D8DFED-BD0A-3AB3-A890-E96119014EF1}
		{78A9AF2D-0047-39C0-878D-9C84AE6AEF8E} = {78A9AF2D-0047-39C0-878D-9C84AE6AEF8E}
	EndProjectSection
EndProject
Project("{8BC9CEB8-8B4A-11D0-8D11-00A0C91BC942}") = "Bullet2FileLoader", "src\Bullet3Serialize\Bullet2FileLoader\Bullet2FileLoader.vcxproj", "{53795FF9-9C4E-3FD6-A735-9157DDE294F0}"
	ProjectSection(ProjectDependencies) = postProject
		{78A9AF2D-0047-39C0-878D-9C84AE6AEF8E} = {78A9AF2D-0047-39C0-878D-9C84AE6AEF8E}
	EndProjectSection
EndProject
Project("{8BC9CEB8-8B4A-11D0-8D11-00A0C91BC942}") = "Bullet3Collision", "src\Bullet3Collision\Bullet3Collision.vcxproj", "{293BA844-9166-390F-BF47-AC094D39CB98}"
	ProjectSection(ProjectDependencies) = postProject
		{78A9AF2D-0047-39C0-878D-9C84AE6AEF8E} = {78A9AF2D-0047-39C0-878D-9C84AE6AEF8E}
	EndProjectSection
EndProject
Project("{8BC9CEB8-8B4A-11D0-8D11-00A0C91BC942}") = "Bullet3Common", "src\Bullet3Common\Bullet3Common.vcxproj", "{7EF656E1-25E4-341C-B316-B30EB3AFF8DC}"
	ProjectSection(ProjectDependencies) = postProject
		{78A9AF2D-0047-39C0-878D-9C84AE6AEF8E} = {78A9AF2D-0047-39C0-878D-9C84AE6AEF8E}
	EndProjectSection
EndProject
Project("{8BC9CEB8-8B4A-11D0-8D11-00A0C91BC942}") = "Bullet3Dynamics", "src\Bullet3Dynamics\Bullet3Dynamics.vcxproj", "{2B1726EA-77F9-32AB-888E-9CCB0AB605F8}"
	ProjectSection(ProjectDependencies) = postProject
		{78A9AF2D-0047-39C0-878D-9C84AE6AEF8E} = {78A9AF2D-0047-39C0-878D-9C84AE6AEF8E}
	EndProjectSection
EndProject
Project("{8BC9CEB8-8B4A-11D0-8D11-00A0C91BC942}") = "Bullet3Geometry", "src\Bullet3Geometry\Bullet3Geometry.vcxproj", "{1A274EF9-6513-3BEE-9E3B-1DB302A0411D}"
	ProjectSection(ProjectDependencies) = postProject
		{78A9AF2D-0047-39C0-878D-9C84AE6AEF8E} = {78A9AF2D-0047-39C0-878D-9C84AE6AEF8E}
	EndProjectSection
EndProject
Project("{8BC9CEB8-8B4A-11D0-8D11-00A0C91BC942}") = "Bullet3OpenCL_clew", "src\Bullet3OpenCL\Bullet3OpenCL_clew.vcxproj", "{9DAEF332-007C-301C-9635-003D901A10BC}"
	ProjectSection(ProjectDependencies) = postProject
		{78A9AF2D-0047-39C0-878D-9C84AE6AEF8E} = {78A9AF2D-0047-39C0-878D-9C84AE6AEF8E}
	EndProjectSection
EndProject
Project("{8BC9CEB8-8B4A-11D0-8D11-00A0C91BC942}") = "BulletCollision", "src\BulletCollision\BulletCollision.vcxproj", "{A62ECB59-49E2-3316-8F74-85203C1E53AD}"
	ProjectSection(ProjectDependencies) = postProject
		{78A9AF2D-0047-39C0-878D-9C84AE6AEF8E} = {78A9AF2D-0047-39C0-878D-9C84AE6AEF8E}
	EndProjectSection
EndProject
Project("{8BC9CEB8-8B4A-11D0-8D11-00A0C91BC942}") = "BulletDynamics", "src\BulletDynamics\BulletDynamics.vcxproj", "{67EAA114-79F5-3230-87C4-8B716F18B396}"
	ProjectSection(ProjectDependencies) = postProject
		{78A9AF2D-0047-39C0-878D-9C84AE6AEF8E} = {78A9AF2D-0047-39C0-878D-9C84AE6AEF8E}
	EndProjectSection
EndProject
Project("{8BC9CEB8-8B4A-11D0-8D11-00A0C91BC942}") = "BulletInverseDynamics", "src\BulletInverseDynamics\BulletInverseDynamics.vcxproj", "{6065BBFE-ADE4-3EAE-A2D6-F4B1EA5E6BE8}"
	ProjectSection(ProjectDependencies) = postProject
		{78A9AF2D-0047-39C0-878D-9C84AE6AEF8E} = {78A9AF2D-0047-39C0-878D-9C84AE6AEF8E}
	EndProjectSection
EndProject
Project("{8BC9CEB8-8B4A-11D0-8D11-00A0C91BC942}") = "BulletSoftBody", "src\BulletSoftBody\BulletSoftBody.vcxproj", "{6ADA78C6-4B3B-389D-A4B5-7B291368F6D3}"
	ProjectSection(ProjectDependencies) = postProject
		{78A9AF2D-0047-39C0-878D-9C84AE6AEF8E} = {78A9AF2D-0047-39C0-878D-9C84AE6AEF8E}
	EndProjectSection
EndProject
Project("{8BC9CEB8-8B4A-11D0-8D11-00A0C91BC942}") = "INSTALL", "INSTALL.vcxproj", "{49370B41-95AA-3F45-831D-B629C7C6775A}"
	ProjectSection(ProjectDependencies) = postProject
		{E3B3A8BB-5EDB-361E-A10A-880E5A1103B0} = {E3B3A8BB-5EDB-361E-A10A-880E5A1103B0}
		{78A9AF2D-0047-39C0-878D-9C84AE6AEF8E} = {78A9AF2D-0047-39C0-878D-9C84AE6AEF8E}
	EndProjectSection
EndProject
Project("{8BC9CEB8-8B4A-11D0-8D11-00A0C91BC942}") = "LinearMath", "src\LinearMath\LinearMath.vcxproj", "{30D8DFED-BD0A-3AB3-A890-E96119014EF1}"
	ProjectSection(ProjectDependencies) = postProject
		{78A9AF2D-0047-39C0-878D-9C84AE6AEF8E} = {78A9AF2D-0047-39C0-878D-9C84AE6AEF8E}
	EndProjectSection
EndProject
Project("{8BC9CEB8-8B4A-11D0-8D11-00A0C91BC942}") = "RUN_TESTS", "RUN_TESTS.vcxproj", "{0976EE9F-1FBC-39EF-9D06-877C52585076}"
	ProjectSection(ProjectDependencies) = postProject
		{78A9AF2D-0047-39C0-878D-9C84AE6AEF8E} = {78A9AF2D-0047-39C0-878D-9C84AE6AEF8E}
	EndProjectSection
EndProject
Project("{8BC9CEB8-8B4A-11D0-8D11-00A0C91BC942}") = "ZERO_CHECK", "ZERO_CHECK.vcxproj", "{78A9AF2D-0047-39C0-878D-9C84AE6AEF8E}"
	ProjectSection(ProjectDependencies) = postProject
	EndProjectSection
EndProject
Global
	GlobalSection(SolutionConfigurationPlatforms) = preSolution
		Debug|Win32 = Debug|Win32
		Release|Win32 = Release|Win32
		MinSizeRel|Win32 = MinSizeRel|Win32
		RelWithDebInfo|Win32 = RelWithDebInfo|Win32
	EndGlobalSection
	GlobalSection(ProjectConfigurationPlatforms) = postSolution
		{E3B3A8BB-5EDB-361E-A10A-880E5A1103B0}.Debug|Win32.ActiveCfg = Debug|Win32
		{E3B3A8BB-5EDB-361E-A10A-880E5A1103B0}.Debug|Win32.Build.0 = Debug|Win32
		{E3B3A8BB-5EDB-361E-A10A-880E5A1103B0}.Release|Win32.ActiveCfg = Release|Win32
		{E3B3A8BB-5EDB-361E-A10A-880E5A1103B0}.Release|Win32.Build.0 = Release|Win32
		{E3B3A8BB-5EDB-361E-A10A-880E5A1103B0}.MinSizeRel|Win32.ActiveCfg = MinSizeRel|Win32
		{E3B3A8BB-5EDB-361E-A10A-880E5A1103B0}.MinSizeRel|Win32.Build.0 = MinSizeRel|Win32
		{E3B3A8BB-5EDB-361E-A10A-880E5A1103B0}.RelWithDebInfo|Win32.ActiveCfg = RelWithDebInfo|Win32
		{E3B3A8BB-5EDB-361E-A10A-880E5A1103B0}.RelWithDebInfo|Win32.Build.0 = RelWithDebInfo|Win32
		{53795FF9-9C4E-3FD6-A735-9157DDE294F0}.Debug|Win32.ActiveCfg = Debug|Win32
		{53795FF9-9C4E-3FD6-A735-9157DDE294F0}.Debug|Win32.Build.0 = Debug|Win32
		{53795FF9-9C4E-3FD6-A735-9157DDE294F0}.Release|Win32.ActiveCfg = Release|Win32
		{53795FF9-9C4E-3FD6-A735-9157DDE294F0}.Release|Win32.Build.0 = Release|Win32
		{53795FF9-9C4E-3FD6-A735-9157DDE294F0}.MinSizeRel|Win32.ActiveCfg = MinSizeRel|Win32
		{53795FF9-9C4E-3FD6-A735-9157DDE294F0}.MinSizeRel|Win32.Build.0 = MinSizeRel|Win32
		{53795FF9-9C4E-3FD6-A735-9157DDE294F0}.RelWithDebInfo|Win32.ActiveCfg = RelWithDebInfo|Win32
		{53795FF9-9C4E-3FD6-A735-9157DDE294F0}.RelWithDebInfo|Win32.Build.0 = RelWithDebInfo|Win32
		{293BA844-9166-390F-BF47-AC094D39CB98}.Debug|Win32.ActiveCfg = Debug|Win32
		{293BA844-9166-390F-BF47-AC094D39CB98}.Debug|Win32.Build.0 = Debug|Win32
		{293BA844-9166-390F-BF47-AC094D39CB98}.Release|Win32.ActiveCfg = Release|Win32
		{293BA844-9166-390F-BF47-AC094D39CB98}.Release|Win32.Build.0 = Release|Win32
		{293BA844-9166-390F-BF47-AC094D39CB98}.MinSizeRel|Win32.ActiveCfg = MinSizeRel|Win32
		{293BA844-9166-390F-BF47-AC094D39CB98}.MinSizeRel|Win32.Build.0 = MinSizeRel|Win32
		{293BA844-9166-390F-BF47-AC094D39CB98}.RelWithDebInfo|Win32.ActiveCfg = RelWithDebInfo|Win32
		{293BA844-9166-390F-BF47-AC094D39CB98}.RelWithDebInfo|Win32.Build.0 = RelWithDebInfo|Win32
		{7EF656E1-25E4-341C-B316-B30EB3AFF8DC}.Debug|Win32.ActiveCfg = Debug|Win32
		{7EF656E1-25E4-341C-B316-B30EB3AFF8DC}.Debug|Win32.Build.0 = Debug|Win32
		{7EF656E1-25E4-341C-B316-B30EB3AFF8DC}.Release|Win32.ActiveCfg = Release|Win32
		{7EF656E1-25E4-341C-B316-B30EB3AFF8DC}.Release|Win32.Build.0 = Release|Win32
		{7EF656E1-25E4-341C-B316-B30EB3AFF8DC}.MinSizeRel|Win32.ActiveCfg = MinSizeRel|Win32
		{7EF656E1-25E4-341C-B316-B30EB3AFF8DC}.MinSizeRel|Win32.Build.0 = MinSizeRel|Win32
		{7EF656E1-25E4-341C-B316-B30EB3AFF8DC}.RelWithDebInfo|Win32.ActiveCfg = RelWithDebInfo|Win32
		{7EF656E1-25E4-341C-B316-B30EB3AFF8DC}.RelWithDebInfo|Win32.Build.0 = RelWithDebInfo|Win32
		{2B1726EA-77F9-32AB-888E-9CCB0AB605F8}.Debug|Win32.ActiveCfg = Debug|Win32
		{2B1726EA-77F9-32AB-888E-9CCB0AB605F8}.Debug|Win32.Build.0 = Debug|Win32
		{2B1726EA-77F9-32AB-888E-9CCB0AB605F8}.Release|Win32.ActiveCfg = Release|Win32
		{2B1726EA-77F9-32AB-888E-9CCB0AB605F8}.Release|Win32.Build.0 = Release|Win32
		{2B1726EA-77F9-32AB-888E-9CCB0AB605F8}.MinSizeRel|Win32.ActiveCfg = MinSizeRel|Win32
		{2B1726EA-77F9-32AB-888E-9CCB0AB605F8}.MinSizeRel|Win32.Build.0 = MinSizeRel|Win32
		{2B1726EA-77F9-32AB-888E-9CCB0AB605F8}.RelWithDebInfo|Win32.ActiveCfg = RelWithDebInfo|Win32
		{2B1726EA-77F9-32AB-888E-9CCB0AB605F8}.RelWithDebInfo|Win32.Build.0 = RelWithDebInfo|Win32
		{1A274EF9-6513-3BEE-9E3B-1DB302A0411D}.Debug|Win32.ActiveCfg = Debug|Win32
		{1A274EF9-6513-3BEE-9E3B-1DB302A0411D}.Debug|Win32.Build.0 = Debug|Win32
		{1A274EF9-6513-3BEE-9E3B-1DB302A0411D}.Release|Win32.ActiveCfg = Release|Win32
		{1A274EF9-6513-3BEE-9E3B-1DB302A0411D}.Release|Win32.Build.0 = Release|Win32
		{1A274EF9-6513-3BEE-9E3B-1DB302A0411D}.MinSizeRel|Win32.ActiveCfg = MinSizeRel|Win32
		{1A274EF9-6513-3BEE-9E3B-1DB302A0411D}.MinSizeRel|Win32.Build.0 = MinSizeRel|Win32
		{1A274EF9-6513-3BEE-9E3B-1DB302A0411D}.RelWithDebInfo|Win32.ActiveCfg = RelWithDebInfo|Win32
		{1A274EF9-6513-3BEE-9E3B-1DB302A0411D}.RelWithDebInfo|Win32.Build.0 = RelWithDebInfo|Win32
		{9DAEF332-007C-301C-9635-003D901A10BC}.Debug|Win32.ActiveCfg = Debug|Win32
		{9DAEF332-007C-301C-9635-003D901A10BC}.Debug|Win32.Build.0 = Debug|Win32
		{9DAEF332-007C-301C-9635-003D901A10BC}.Release|Win32.ActiveCfg = Release|Win32
		{9DAEF332-007C-301C-9635-003D901A10BC}.Release|Win32.Build.0 = Release|Win32
		{9DAEF332-007C-301C-9635-003D901A10BC}.MinSizeRel|Win32.ActiveCfg = MinSizeRel|Win32
		{9DAEF332-007C-301C-9635-003D901A10BC}.MinSizeRel|Win32.Build.0 = MinSizeRel|Win32
		{9DAEF332-007C-301C-9635-003D901A10BC}.RelWithDebInfo|Win32.ActiveCfg = RelWithDebInfo|Win32
		{9DAEF332-007C-301C-9635-003D901A10BC}.RelWithDebInfo|Win32.Build.0 = RelWithDebInfo|Win32
		{A62ECB59-49E2-3316-8F74-85203C1E53AD}.Debug|Win32.ActiveCfg = Debug|Win32
		{A62ECB59-49E2-3316-8F74-85203C1E53AD}.Debug|Win32.Build.0 = Debug|Win32
		{A62ECB59-49E2-3316-8F74-85203C1E53AD}.Release|Win32.ActiveCfg = Release|Win32
		{A62ECB59-49E2-3316-8F74-85203C1E53AD}.Release|Win32.Build.0 = Release|Win32
		{A62ECB59-49E2-3316-8F74-85203C1E53AD}.MinSizeRel|Win32.ActiveCfg = MinSizeRel|Win32
		{A62ECB59-49E2-3316-8F74-85203C1E53AD}.MinSizeRel|Win32.Build.0 = MinSizeRel|Win32
		{A62ECB59-49E2-3316-8F74-85203C1E53AD}.RelWithDebInfo|Win32.ActiveCfg = RelWithDebInfo|Win32
		{A62ECB59-49E2-3316-8F74-85203C1E53AD}.RelWithDebInfo|Win32.Build.0 = RelWithDebInfo|Win32
		{67EAA114-79F5-3230-87C4-8B716F18B396}.Debug|Win32.ActiveCfg = Debug|Win32
		{67EAA114-79F5-3230-87C4-8B716F18B396}.Debug|Win32.Build.0 = Debug|Win32
		{67EAA114-79F5-3230-87C4-8B716F18B396}.Release|Win32.ActiveCfg = Release|Win32
		{67EAA114-79F5-3230-87C4-8B716F18B396}.Release|Win32.Build.0 = Release|Win32
		{67EAA114-79F5-3230-87C4-8B716F18B396}.MinSizeRel|Win32.ActiveCfg = MinSizeRel|Win32
		{67EAA114-79F5-3230-87C4-8B716F18B396}.MinSizeRel|Win32.Build.0 = MinSizeRel|Win32
		{67EAA114-79F5-3230-87C4-8B716F18B396}.RelWithDebInfo|Win32.ActiveCfg = RelWithDebInfo|Win32
		{67EAA114-79F5-3230-87C4-8B716F18B396}.RelWithDebInfo|Win32.Build.0 = RelWithDebInfo|Win32
		{6065BBFE-ADE4-3EAE-A2D6-F4B1EA5E6BE8}.Debug|Win32.ActiveCfg = Debug|Win32
		{6065BBFE-ADE4-3EAE-A2D6-F4B1EA5E6BE8}.Debug|Win32.Build.0 = Debug|Win32
		{6065BBFE-ADE4-3EAE-A2D6-F4B1EA5E6BE8}.Release|Win32.ActiveCfg = Release|Win32
		{6065BBFE-ADE4-3EAE-A2D6-F4B1EA5E6BE8}.Release|Win32.Build.0 = Release|Win32
		{6065BBFE-ADE4-3EAE-A2D6-F4B1EA5E6BE8}.MinSizeRel|Win32.ActiveCfg = MinSizeRel|Win32
		{6065BBFE-ADE4-3EAE-A2D6-F4B1EA5E6BE8}.MinSizeRel|Win32.Build.0 = MinSizeRel|Win32
		{6065BBFE-ADE4-3EAE-A2D6-F4B1EA5E6BE8}.RelWithDebInfo|Win32.ActiveCfg = RelWithDebInfo|Win32
		{6065BBFE-ADE4-3EAE-A2D6-F4B1EA5E6BE8}.RelWithDebInfo|Win32.Build.0 = RelWithDebInfo|Win32
		{6ADA78C6-4B3B-389D-A4B5-7B291368F6D3}.Debug|Win32.ActiveCfg = Debug|Win32
		{6ADA78C6-4B3B-389D-A4B5-7B291368F6D3}.Debug|Win32.Build.0 = Debug|Win32
		{6ADA78C6-4B3B-389D-A4B5-7B291368F6D3}.Release|Win32.ActiveCfg = Release|Win32
		{6ADA78C6-4B3B-389D-A4B5-7B291368F6D3}.Release|Win32.Build.0 = Release|Win32
		{6ADA78C6-4B3B-389D-A4B5-7B291368F6D3}.MinSizeRel|Win32.ActiveCfg = MinSizeRel|Win32
		{6ADA78C6-4B3B-389D-A4B5-7B291368F6D3}.MinSizeRel|Win32.Build.0 = MinSizeRel|Win32
		{6ADA78C6-4B3B-389D-A4B5-7B291368F6D3}.RelWithDebInfo|Win32.ActiveCfg = RelWithDebInfo|Win32
		{6ADA78C6-4B3B-389D-A4B5-7B291368F6D3}.RelWithDebInfo|Win32.Build.0 = RelWithDebInfo|Win32
		{49370B41-95AA-3F45-831D-B629C7C6775A}.Debug|Win32.ActiveCfg = Debug|Win32
		{49370B41-95AA-3F45-831D-B629C7C6775A}.Release|Win32.ActiveCfg = Release|Win32
		{49370B41-95AA-3F45-831D-B629C7C6775A}.MinSizeRel|Win32.ActiveCfg = MinSizeRel|Win32
		{49370B41-95AA-3F45-831D-B629C7C6775A}.RelWithDebInfo|Win32.ActiveCfg = RelWithDebInfo|Win32
		{30D8DFED-BD0A-3AB3-A890-E96119014EF1}.Debug|Win32.ActiveCfg = Debug|Win32
		{30D8DFED-BD0A-3AB3-A890-E96119014EF1}.Debug|Win32.Build.0 = Debug|Win32
		{30D8DFED-BD0A-3AB3-A890-E96119014EF1}.Release|Win32.ActiveCfg = Release|Win32
		{30D8DFED-BD0A-3AB3-A890-E96119014EF1}.Release|Win32.Build.0 = Release|Win32
		{30D8DFED-BD0A-3AB3-A890-E96119014EF1}.MinSizeRel|Win32.ActiveCfg = MinSizeRel|Win32
		{30D8DFED-BD0A-3AB3-A890-E96119014EF1}.MinSizeRel|Win32.Build.0 = MinSizeRel|Win32
		{30D8DFED-BD0A-3AB3-A890-E96119014EF1}.RelWithDebInfo|Win32.ActiveCfg = RelWithDebInfo|Win32
		{30D8DFED-BD0A-3AB3-A890-E96119014EF1}.RelWithDebInfo|Win32.Build.0 = RelWithDebInfo|Win32
		{0976EE9F-1FBC-39EF-9D06-877C52585076}.Debug|Win32.ActiveCfg = Debug|Win32
		{0976EE9F-1FBC-39EF-9D06-877C52585076}.Release|Win32.ActiveCfg = Release|Win32
		{0976EE9F-1FBC-39EF-9D06-877C52585076}.MinSizeRel|Win32.ActiveCfg = MinSizeRel|Win32
		{0976EE9F-1FBC-39EF-9D06-877C52585076}.RelWithDebInfo|Win32.ActiveCfg = RelWithDebInfo|Win32
		{78A9AF2D-0047-39C0-878D-9C84AE6AEF8E}.Debug|Win32.ActiveCfg = Debug|Win32
		{78A9AF2D-0047-39C0-878D-9C84AE6AEF8E}.Debug|Win32.Build.0 = Debug|Win32
		{78A9AF2D-0047-39C0-878D-9C84AE6AEF8E}.Release|Win32.ActiveCfg = Release|Win32
		{78A9AF2D-0047-39C0-878D-9C84AE6AEF8E}.Release|Win32.Build.0 = Release|Win32
		{78A9AF2D-0047-39C0-878D-9C84AE6AEF8E}.MinSizeRel|Win32.ActiveCfg = MinSizeRel|Win32
		{78A9AF2D-0047-39C0-878D-9C84AE6AEF8E}.MinSizeRel|Win32.Build.0 = MinSizeRel|Win32
		{78A9AF2D-0047-39C0-878D-9C84AE6AEF8E}.RelWithDebInfo|Win32.ActiveCfg = RelWithDebInfo|Win32
		{78A9AF2D-0047-39C0-878D-9C84AE6AEF8E}.RelWithDebInfo|Win32.Build.0 = RelWithDebInfo|Win32
	EndGlobalSection
	GlobalSection(ExtensibilityGlobals) = postSolution
	EndGlobalSection
	GlobalSection(ExtensibilityAddIns) = postSolution
	EndGlobalSection
EndGlobal
