
Microsoft Visual Studio Solution File, Format Version 12.00
# Visual Studio 14
VisualStudioVersion = 14.0.25420.1
MinimumVisualStudioVersion = 10.0.40219.1
Project("{2150E333-8FDC-42A3-9474-1A3956D46DE8}") = "Engine", "Engine", "{3B7CE0CC-F093-4B66-A999-F515A02E1C3B}"
EndProject
Project("{8BC9CEB8-8B4A-11D0-8D11-00A0C91BC942}") = "E3DEngine", "EngineCore\EngineCore.vcxproj", "{574B5BA6-FBB4-4250-BF33-67FB7AE17C6B}"
	ProjectSection(ProjectDependencies) = postProject
		{473D4787-A6EA-4947-B629-84DC720793C5} = {473D4787-A6EA-4947-B629-84DC720793C5}
		{9DD66EDB-26DB-4765-862D-FE5619046543} = {9DD66EDB-26DB-4765-862D-FE5619046543}
	EndProjectSection
EndProject
Project("{FAE04EC0-301F-11D3-BF4B-00C04F79EFBC}") = "E3DEngineDll", "..\Engine\EngineCSharp\E3DEngineDll.csproj", "{9DD66EDB-26DB-4765-862D-FE5619046543}"
EndProject
Project("{8BC9CEB8-8B4A-11D0-8D11-00A0C91BC942}") = "GLES_RenderSystem", "RenderSystem\gles_renderSystem\GLES_RenderSystem.vcxproj", "{473D4787-A6EA-4947-B629-84DC720793C5}"
EndProject
Project("{2150E333-8FDC-42A3-9474-1A3956D46DE8}") = "Editor", "Editor", "{F6CF3703-2AA0-4093-8485-F56E111BCE66}"
EndProject
Project("{FAE04EC0-301F-11D3-BF4B-00C04F79EFBC}") = "E3DEditorWindow", "..\Engine\Editor\E3DEditorWindow.csproj", "{EC7B8868-430E-4D5F-87D1-675ED849EA39}"
EndProject
Project("{8BC9CEB8-8B4A-11D0-8D11-00A0C91BC942}") = "EditorBridgeDll", "..\Engine\Editor\DLL\EditorBridgeDll\EditorBridgeDll.vcxproj", "{F1202232-1E69-4BD4-A088-EE079B683B94}"
EndProject
Project("{FAE04EC0-301F-11D3-BF4B-00C04F79EFBC}") = "EditorDll", "..\Engine\Editor\DLL\EditorDll\EditorDll.csproj", "{0DE1F650-7E3C-430A-98CF-B1DE52199E46}"
EndProject
Project("{8BC9CEB8-8B4A-11D0-8D11-00A0C91BC942}") = "GL_RenderSystem", "RenderSystem\opengl_renderSystem\GL_RenderSystem.vcxproj", "{357CB652-675C-4375-98F5-D2E373C76E0C}"
EndProject
Project("{FAE04EC0-301F-11D3-BF4B-00C04F79EFBC}") = "ColorPicker", "..\Engine\Editor\DLL\ColorPicker\ColorPicker.csproj", "{059DC6C7-59C6-4ADF-8960-976A02E7498E}"
EndProject
Global
	GlobalSection(SolutionConfigurationPlatforms) = preSolution
		Debug|Any CPU = Debug|Any CPU
		Debug|ARM = Debug|ARM
		Debug|x64 = Debug|x64
		Debug|x86 = Debug|x86
		EditorDebug|Any CPU = EditorDebug|Any CPU
		EditorDebug|ARM = EditorDebug|ARM
		EditorDebug|x64 = EditorDebug|x64
		EditorDebug|x86 = EditorDebug|x86
		EditorRelease|Any CPU = EditorRelease|Any CPU
		EditorRelease|ARM = EditorRelease|ARM
		EditorRelease|x64 = EditorRelease|x64
		EditorRelease|x86 = EditorRelease|x86
		GL_Release|Any CPU = GL_Release|Any CPU
		GL_Release|ARM = GL_Release|ARM
		GL_Release|x64 = GL_Release|x64
		GL_Release|x86 = GL_Release|x86
		GLES_Debug|Any CPU = GLES_Debug|Any CPU
		GLES_Debug|ARM = GLES_Debug|ARM
		GLES_Debug|x64 = GLES_Debug|x64
		GLES_Debug|x86 = GLES_Debug|x86
		GLES_Release|Any CPU = GLES_Release|Any CPU
		GLES_Release|ARM = GLES_Release|ARM
		GLES_Release|x64 = GLES_Release|x64
		GLES_Release|x86 = GLES_Release|x86
		MinSizeRel|Any CPU = MinSizeRel|Any CPU
		MinSizeRel|ARM = MinSizeRel|ARM
		MinSizeRel|x64 = MinSizeRel|x64
		MinSizeRel|x86 = MinSizeRel|x86
		Release|Any CPU = Release|Any CPU
		Release|ARM = Release|ARM
		Release|x64 = Release|x64
		Release|x86 = Release|x86
		RelWithDebInfo|Any CPU = RelWithDebInfo|Any CPU
		RelWithDebInfo|ARM = RelWithDebInfo|ARM
		RelWithDebInfo|x64 = RelWithDebInfo|x64
		RelWithDebInfo|x86 = RelWithDebInfo|x86
	EndGlobalSection
	GlobalSection(ProjectConfigurationPlatforms) = postSolution
		{574B5BA6-FBB4-4250-BF33-67FB7AE17C6B}.Debug|Any CPU.ActiveCfg = Debug|Win32
		{574B5BA6-FBB4-4250-BF33-67FB7AE17C6B}.Debug|ARM.ActiveCfg = Debug|Win32
		{574B5BA6-FBB4-4250-BF33-67FB7AE17C6B}.Debug|x64.ActiveCfg = Debug|x64
		{574B5BA6-FBB4-4250-BF33-67FB7AE17C6B}.Debug|x64.Build.0 = Debug|x64
		{574B5BA6-FBB4-4250-BF33-67FB7AE17C6B}.Debug|x86.ActiveCfg = Debug|Win32
		{574B5BA6-FBB4-4250-BF33-67FB7AE17C6B}.Debug|x86.Build.0 = Debug|Win32
		{574B5BA6-FBB4-4250-BF33-67FB7AE17C6B}.EditorDebug|Any CPU.ActiveCfg = EditorDebug|Win32
		{574B5BA6-FBB4-4250-BF33-67FB7AE17C6B}.EditorDebug|ARM.ActiveCfg = EditorDebug|Win32
		{574B5BA6-FBB4-4250-BF33-67FB7AE17C6B}.EditorDebug|x64.ActiveCfg = EditorDebug|x64
		{574B5BA6-FBB4-4250-BF33-67FB7AE17C6B}.EditorDebug|x86.ActiveCfg = EditorDebug|Win32
		{574B5BA6-FBB4-4250-BF33-67FB7AE17C6B}.EditorRelease|Any CPU.ActiveCfg = EditorRelease|Win32
		{574B5BA6-FBB4-4250-BF33-67FB7AE17C6B}.EditorRelease|ARM.ActiveCfg = EditorRelease|Win32
		{574B5BA6-FBB4-4250-BF33-67FB7AE17C6B}.EditorRelease|x64.ActiveCfg = EditorRelease|x64
		{574B5BA6-FBB4-4250-BF33-67FB7AE17C6B}.EditorRelease|x86.ActiveCfg = EditorRelease|Win32
		{574B5BA6-FBB4-4250-BF33-67FB7AE17C6B}.GL_Release|Any CPU.ActiveCfg = GL_Release|Win32
		{574B5BA6-FBB4-4250-BF33-67FB7AE17C6B}.GL_Release|ARM.ActiveCfg = GL_Release|Win32
		{574B5BA6-FBB4-4250-BF33-67FB7AE17C6B}.GL_Release|x64.ActiveCfg = GL_Release|x64
		{574B5BA6-FBB4-4250-BF33-67FB7AE17C6B}.GL_Release|x64.Build.0 = GL_Release|x64
		{574B5BA6-FBB4-4250-BF33-67FB7AE17C6B}.GL_Release|x86.ActiveCfg = GL_Release|Win32
		{574B5BA6-FBB4-4250-BF33-67FB7AE17C6B}.GL_Release|x86.Build.0 = GL_Release|Win32
		{574B5BA6-FBB4-4250-BF33-67FB7AE17C6B}.GLES_Debug|Any CPU.ActiveCfg = GLES_Debug|Win32
		{574B5BA6-FBB4-4250-BF33-67FB7AE17C6B}.GLES_Debug|ARM.ActiveCfg = GLES_Debug|Win32
		{574B5BA6-FBB4-4250-BF33-67FB7AE17C6B}.GLES_Debug|x64.ActiveCfg = GLES_Debug|x64
		{574B5BA6-FBB4-4250-BF33-67FB7AE17C6B}.GLES_Debug|x64.Build.0 = GLES_Debug|x64
		{574B5BA6-FBB4-4250-BF33-67FB7AE17C6B}.GLES_Debug|x86.ActiveCfg = GLES_Debug|Win32
		{574B5BA6-FBB4-4250-BF33-67FB7AE17C6B}.GLES_Debug|x86.Build.0 = GLES_Debug|Win32
		{574B5BA6-FBB4-4250-BF33-67FB7AE17C6B}.GLES_Release|Any CPU.ActiveCfg = GLES_Debug|Win32
		{574B5BA6-FBB4-4250-BF33-67FB7AE17C6B}.GLES_Release|Any CPU.Build.0 = GLES_Debug|Win32
		{574B5BA6-FBB4-4250-BF33-67FB7AE17C6B}.GLES_Release|ARM.ActiveCfg = GLES_Debug|Win32
		{574B5BA6-FBB4-4250-BF33-67FB7AE17C6B}.GLES_Release|ARM.Build.0 = GLES_Debug|Win32
		{574B5BA6-FBB4-4250-BF33-67FB7AE17C6B}.GLES_Release|x64.ActiveCfg = GL_Release|x64
		{574B5BA6-FBB4-4250-BF33-67FB7AE17C6B}.GLES_Release|x64.Build.0 = GL_Release|x64
		{574B5BA6-FBB4-4250-BF33-67FB7AE17C6B}.GLES_Release|x86.ActiveCfg = GL_Release|Win32
		{574B5BA6-FBB4-4250-BF33-67FB7AE17C6B}.GLES_Release|x86.Build.0 = GL_Release|Win32
		{574B5BA6-FBB4-4250-BF33-67FB7AE17C6B}.MinSizeRel|Any CPU.ActiveCfg = Release|x64
		{574B5BA6-FBB4-4250-BF33-67FB7AE17C6B}.MinSizeRel|Any CPU.Build.0 = Release|x64
		{574B5BA6-FBB4-4250-BF33-67FB7AE17C6B}.MinSizeRel|ARM.ActiveCfg = Release|x64
		{574B5BA6-FBB4-4250-BF33-67FB7AE17C6B}.MinSizeRel|ARM.Build.0 = Release|x64
		{574B5BA6-FBB4-4250-BF33-67FB7AE17C6B}.MinSizeRel|x64.ActiveCfg = Release|x64
		{574B5BA6-FBB4-4250-BF33-67FB7AE17C6B}.MinSizeRel|x64.Build.0 = Release|x64
		{574B5BA6-FBB4-4250-BF33-67FB7AE17C6B}.MinSizeRel|x86.ActiveCfg = Release|Win32
		{574B5BA6-FBB4-4250-BF33-67FB7AE17C6B}.MinSizeRel|x86.Build.0 = Release|Win32
		{574B5BA6-FBB4-4250-BF33-67FB7AE17C6B}.Release|Any CPU.ActiveCfg = Release|Win32
		{574B5BA6-FBB4-4250-BF33-67FB7AE17C6B}.Release|ARM.ActiveCfg = Release|Win32
		{574B5BA6-FBB4-4250-BF33-67FB7AE17C6B}.Release|x64.ActiveCfg = Release|x64
		{574B5BA6-FBB4-4250-BF33-67FB7AE17C6B}.Release|x64.Build.0 = Release|x64
		{574B5BA6-FBB4-4250-BF33-67FB7AE17C6B}.Release|x86.ActiveCfg = Release|Win32
		{574B5BA6-FBB4-4250-BF33-67FB7AE17C6B}.Release|x86.Build.0 = Release|Win32
		{574B5BA6-FBB4-4250-BF33-67FB7AE17C6B}.RelWithDebInfo|Any CPU.ActiveCfg = Release|x64
		{574B5BA6-FBB4-4250-BF33-67FB7AE17C6B}.RelWithDebInfo|Any CPU.Build.0 = Release|x64
		{574B5BA6-FBB4-4250-BF33-67FB7AE17C6B}.RelWithDebInfo|ARM.ActiveCfg = Release|x64
		{574B5BA6-FBB4-4250-BF33-67FB7AE17C6B}.RelWithDebInfo|ARM.Build.0 = Release|x64
		{574B5BA6-FBB4-4250-BF33-67FB7AE17C6B}.RelWithDebInfo|x64.ActiveCfg = Release|x64
		{574B5BA6-FBB4-4250-BF33-67FB7AE17C6B}.RelWithDebInfo|x64.Build.0 = Release|x64
		{574B5BA6-FBB4-4250-BF33-67FB7AE17C6B}.RelWithDebInfo|x86.ActiveCfg = Release|Win32
		{574B5BA6-FBB4-4250-BF33-67FB7AE17C6B}.RelWithDebInfo|x86.Build.0 = Release|Win32
		{9DD66EDB-26DB-4765-862D-FE5619046543}.Debug|Any CPU.ActiveCfg = Debug|Any CPU
		{9DD66EDB-26DB-4765-862D-FE5619046543}.Debug|Any CPU.Build.0 = Debug|Any CPU
		{9DD66EDB-26DB-4765-862D-FE5619046543}.Debug|ARM.ActiveCfg = Debug|Any CPU
		{9DD66EDB-26DB-4765-862D-FE5619046543}.Debug|ARM.Build.0 = Debug|Any CPU
		{9DD66EDB-26DB-4765-862D-FE5619046543}.Debug|x64.ActiveCfg = Debug|Any CPU
		{9DD66EDB-26DB-4765-862D-FE5619046543}.Debug|x64.Build.0 = Debug|Any CPU
		{9DD66EDB-26DB-4765-862D-FE5619046543}.Debug|x86.ActiveCfg = Debug|Any CPU
		{9DD66EDB-26DB-4765-862D-FE5619046543}.Debug|x86.Build.0 = Debug|Any CPU
		{9DD66EDB-26DB-4765-862D-FE5619046543}.EditorDebug|Any CPU.ActiveCfg = EditorDebug|Any CPU
		{9DD66EDB-26DB-4765-862D-FE5619046543}.EditorDebug|Any CPU.Build.0 = EditorDebug|Any CPU
		{9DD66EDB-26DB-4765-862D-FE5619046543}.EditorDebug|ARM.ActiveCfg = EditorDebug|Any CPU
		{9DD66EDB-26DB-4765-862D-FE5619046543}.EditorDebug|ARM.Build.0 = EditorDebug|Any CPU
		{9DD66EDB-26DB-4765-862D-FE5619046543}.EditorDebug|x64.ActiveCfg = EditorDebug|Any CPU
		{9DD66EDB-26DB-4765-862D-FE5619046543}.EditorDebug|x64.Build.0 = EditorDebug|Any CPU
		{9DD66EDB-26DB-4765-862D-FE5619046543}.EditorDebug|x86.ActiveCfg = EditorDebug|x86
		{9DD66EDB-26DB-4765-862D-FE5619046543}.EditorDebug|x86.Build.0 = EditorDebug|x86
		{9DD66EDB-26DB-4765-862D-FE5619046543}.EditorRelease|Any CPU.ActiveCfg = EditorRelease|Any CPU
		{9DD66EDB-26DB-4765-862D-FE5619046543}.EditorRelease|Any CPU.Build.0 = EditorRelease|Any CPU
		{9DD66EDB-26DB-4765-862D-FE5619046543}.EditorRelease|ARM.ActiveCfg = EditorRelease|Any CPU
		{9DD66EDB-26DB-4765-862D-FE5619046543}.EditorRelease|ARM.Build.0 = EditorRelease|Any CPU
		{9DD66EDB-26DB-4765-862D-FE5619046543}.EditorRelease|x64.ActiveCfg = EditorRelease|Any CPU
		{9DD66EDB-26DB-4765-862D-FE5619046543}.EditorRelease|x64.Build.0 = EditorRelease|Any CPU
		{9DD66EDB-26DB-4765-862D-FE5619046543}.EditorRelease|x86.ActiveCfg = EditorRelease|x86
		{9DD66EDB-26DB-4765-862D-FE5619046543}.EditorRelease|x86.Build.0 = EditorRelease|x86
		{9DD66EDB-26DB-4765-862D-FE5619046543}.GL_Release|Any CPU.ActiveCfg = GL_Release|Any CPU
		{9DD66EDB-26DB-4765-862D-FE5619046543}.GL_Release|Any CPU.Build.0 = GL_Release|Any CPU
		{9DD66EDB-26DB-4765-862D-FE5619046543}.GL_Release|ARM.ActiveCfg = GL_Release|Any CPU
		{9DD66EDB-26DB-4765-862D-FE5619046543}.GL_Release|ARM.Build.0 = GL_Release|Any CPU
		{9DD66EDB-26DB-4765-862D-FE5619046543}.GL_Release|x64.ActiveCfg = GL_Release|Any CPU
		{9DD66EDB-26DB-4765-862D-FE5619046543}.GL_Release|x64.Build.0 = GL_Release|Any CPU
		{9DD66EDB-26DB-4765-862D-FE5619046543}.GL_Release|x86.ActiveCfg = GL_Release|x86
		{9DD66EDB-26DB-4765-862D-FE5619046543}.GL_Release|x86.Build.0 = GL_Release|x86
		{9DD66EDB-26DB-4765-862D-FE5619046543}.GLES_Debug|Any CPU.ActiveCfg = GLES_Debug|Any CPU
		{9DD66EDB-26DB-4765-862D-FE5619046543}.GLES_Debug|Any CPU.Build.0 = GLES_Debug|Any CPU
		{9DD66EDB-26DB-4765-862D-FE5619046543}.GLES_Debug|ARM.ActiveCfg = GLES_Debug|Any CPU
		{9DD66EDB-26DB-4765-862D-FE5619046543}.GLES_Debug|ARM.Build.0 = GLES_Debug|Any CPU
		{9DD66EDB-26DB-4765-862D-FE5619046543}.GLES_Debug|x64.ActiveCfg = GLES_Debug|Any CPU
		{9DD66EDB-26DB-4765-862D-FE5619046543}.GLES_Debug|x64.Build.0 = GLES_Debug|Any CPU
		{9DD66EDB-26DB-4765-862D-FE5619046543}.GLES_Debug|x86.ActiveCfg = GLES_Debug|Any CPU
		{9DD66EDB-26DB-4765-862D-FE5619046543}.GLES_Debug|x86.Build.0 = GLES_Debug|Any CPU
		{9DD66EDB-26DB-4765-862D-FE5619046543}.GLES_Release|Any CPU.ActiveCfg = GL_Release|Any CPU
		{9DD66EDB-26DB-4765-862D-FE5619046543}.GLES_Release|Any CPU.Build.0 = GL_Release|Any CPU
		{9DD66EDB-26DB-4765-862D-FE5619046543}.GLES_Release|ARM.ActiveCfg = Release|Any CPU
		{9DD66EDB-26DB-4765-862D-FE5619046543}.GLES_Release|ARM.Build.0 = Release|Any CPU
		{9DD66EDB-26DB-4765-862D-FE5619046543}.GLES_Release|x64.ActiveCfg = Release|Any CPU
		{9DD66EDB-26DB-4765-862D-FE5619046543}.GLES_Release|x64.Build.0 = Release|Any CPU
		{9DD66EDB-26DB-4765-862D-FE5619046543}.GLES_Release|x86.ActiveCfg = GL_Release|Any CPU
		{9DD66EDB-26DB-4765-862D-FE5619046543}.GLES_Release|x86.Build.0 = GL_Release|Any CPU
		{9DD66EDB-26DB-4765-862D-FE5619046543}.MinSizeRel|Any CPU.ActiveCfg = Release|Any CPU
		{9DD66EDB-26DB-4765-862D-FE5619046543}.MinSizeRel|Any CPU.Build.0 = Release|Any CPU
		{9DD66EDB-26DB-4765-862D-FE5619046543}.MinSizeRel|ARM.ActiveCfg = Release|Any CPU
		{9DD66EDB-26DB-4765-862D-FE5619046543}.MinSizeRel|ARM.Build.0 = Release|Any CPU
		{9DD66EDB-26DB-4765-862D-FE5619046543}.MinSizeRel|x64.ActiveCfg = Release|Any CPU
		{9DD66EDB-26DB-4765-862D-FE5619046543}.MinSizeRel|x64.Build.0 = Release|Any CPU
		{9DD66EDB-26DB-4765-862D-FE5619046543}.MinSizeRel|x86.ActiveCfg = GLES_Debug|x86
		{9DD66EDB-26DB-4765-862D-FE5619046543}.MinSizeRel|x86.Build.0 = GLES_Debug|x86
		{9DD66EDB-26DB-4765-862D-FE5619046543}.Release|Any CPU.ActiveCfg = Release|Any CPU
		{9DD66EDB-26DB-4765-862D-FE5619046543}.Release|Any CPU.Build.0 = Release|Any CPU
		{9DD66EDB-26DB-4765-862D-FE5619046543}.Release|ARM.ActiveCfg = Release|Any CPU
		{9DD66EDB-26DB-4765-862D-FE5619046543}.Release|ARM.Build.0 = Release|Any CPU
		{9DD66EDB-26DB-4765-862D-FE5619046543}.Release|x64.ActiveCfg = Release|Any CPU
		{9DD66EDB-26DB-4765-862D-FE5619046543}.Release|x64.Build.0 = Release|Any CPU
		{9DD66EDB-26DB-4765-862D-FE5619046543}.Release|x86.ActiveCfg = Release|Any CPU
		{9DD66EDB-26DB-4765-862D-FE5619046543}.Release|x86.Build.0 = Release|Any CPU
		{9DD66EDB-26DB-4765-862D-FE5619046543}.RelWithDebInfo|Any CPU.ActiveCfg = Release|Any CPU
		{9DD66EDB-26DB-4765-862D-FE5619046543}.RelWithDebInfo|Any CPU.Build.0 = Release|Any CPU
		{9DD66EDB-26DB-4765-862D-FE5619046543}.RelWithDebInfo|ARM.ActiveCfg = Release|Any CPU
		{9DD66EDB-26DB-4765-862D-FE5619046543}.RelWithDebInfo|ARM.Build.0 = Release|Any CPU
		{9DD66EDB-26DB-4765-862D-FE5619046543}.RelWithDebInfo|x64.ActiveCfg = Release|Any CPU
		{9DD66EDB-26DB-4765-862D-FE5619046543}.RelWithDebInfo|x64.Build.0 = Release|Any CPU
		{9DD66EDB-26DB-4765-862D-FE5619046543}.RelWithDebInfo|x86.ActiveCfg = Release|x86
		{9DD66EDB-26DB-4765-862D-FE5619046543}.RelWithDebInfo|x86.Build.0 = Release|x86
		{473D4787-A6EA-4947-B629-84DC720793C5}.Debug|Any CPU.ActiveCfg = Debug|Win32
		{473D4787-A6EA-4947-B629-84DC720793C5}.Debug|ARM.ActiveCfg = Debug|Win32
		{473D4787-A6EA-4947-B629-84DC720793C5}.Debug|x64.ActiveCfg = Debug|x64
		{473D4787-A6EA-4947-B629-84DC720793C5}.Debug|x64.Build.0 = Debug|x64
		{473D4787-A6EA-4947-B629-84DC720793C5}.Debug|x86.ActiveCfg = Debug|Win32
		{473D4787-A6EA-4947-B629-84DC720793C5}.Debug|x86.Build.0 = Debug|Win32
		{473D4787-A6EA-4947-B629-84DC720793C5}.EditorDebug|Any CPU.ActiveCfg = EditorDebug|Win32
		{473D4787-A6EA-4947-B629-84DC720793C5}.EditorDebug|ARM.ActiveCfg = EditorDebug|Win32
		{473D4787-A6EA-4947-B629-84DC720793C5}.EditorDebug|x64.ActiveCfg = EditorDebug|x64
		{473D4787-A6EA-4947-B629-84DC720793C5}.EditorDebug|x86.ActiveCfg = EditorDebug|Win32
		{473D4787-A6EA-4947-B629-84DC720793C5}.EditorRelease|Any CPU.ActiveCfg = EditorRelease|Win32
		{473D4787-A6EA-4947-B629-84DC720793C5}.EditorRelease|ARM.ActiveCfg = EditorRelease|Win32
		{473D4787-A6EA-4947-B629-84DC720793C5}.EditorRelease|x64.ActiveCfg = EditorRelease|x64
		{473D4787-A6EA-4947-B629-84DC720793C5}.EditorRelease|x86.ActiveCfg = EditorRelease|Win32
		{473D4787-A6EA-4947-B629-84DC720793C5}.GL_Release|Any CPU.ActiveCfg = GL_Release|Win32
		{473D4787-A6EA-4947-B629-84DC720793C5}.GL_Release|ARM.ActiveCfg = GL_Release|Win32
		{473D4787-A6EA-4947-B629-84DC720793C5}.GL_Release|x64.ActiveCfg = GL_Release|x64
		{473D4787-A6EA-4947-B629-84DC720793C5}.GL_Release|x64.Build.0 = GL_Release|x64
		{473D4787-A6EA-4947-B629-84DC720793C5}.GL_Release|x86.ActiveCfg = GL_Release|Win32
		{473D4787-A6EA-4947-B629-84DC720793C5}.GL_Release|x86.Build.0 = GL_Release|Win32
		{473D4787-A6EA-4947-B629-84DC720793C5}.GLES_Debug|Any CPU.ActiveCfg = GLES_Debug|Win32
		{473D4787-A6EA-4947-B629-84DC720793C5}.GLES_Debug|ARM.ActiveCfg = GLES_Debug|Win32
		{473D4787-A6EA-4947-B629-84DC720793C5}.GLES_Debug|x64.ActiveCfg = GLES_Debug|x64
		{473D4787-A6EA-4947-B629-84DC720793C5}.GLES_Debug|x64.Build.0 = GLES_Debug|x64
		{473D4787-A6EA-4947-B629-84DC720793C5}.GLES_Debug|x86.ActiveCfg = GLES_Debug|Win32
		{473D4787-A6EA-4947-B629-84DC720793C5}.GLES_Debug|x86.Build.0 = GLES_Debug|Win32
		{473D4787-A6EA-4947-B629-84DC720793C5}.GLES_Release|Any CPU.ActiveCfg = GLES_Debug|Win32
		{473D4787-A6EA-4947-B629-84DC720793C5}.GLES_Release|Any CPU.Build.0 = GLES_Debug|Win32
		{473D4787-A6EA-4947-B629-84DC720793C5}.GLES_Release|ARM.ActiveCfg = GLES_Debug|Win32
		{473D4787-A6EA-4947-B629-84DC720793C5}.GLES_Release|ARM.Build.0 = GLES_Debug|Win32
		{473D4787-A6EA-4947-B629-84DC720793C5}.GLES_Release|x64.ActiveCfg = GL_Release|x64
		{473D4787-A6EA-4947-B629-84DC720793C5}.GLES_Release|x64.Build.0 = GL_Release|x64
		{473D4787-A6EA-4947-B629-84DC720793C5}.GLES_Release|x86.ActiveCfg = GL_Release|Win32
		{473D4787-A6EA-4947-B629-84DC720793C5}.GLES_Release|x86.Build.0 = GL_Release|Win32
		{473D4787-A6EA-4947-B629-84DC720793C5}.MinSizeRel|Any CPU.ActiveCfg = Release|x64
		{473D4787-A6EA-4947-B629-84DC720793C5}.MinSizeRel|Any CPU.Build.0 = Release|x64
		{473D4787-A6EA-4947-B629-84DC720793C5}.MinSizeRel|ARM.ActiveCfg = Release|x64
		{473D4787-A6EA-4947-B629-84DC720793C5}.MinSizeRel|ARM.Build.0 = Release|x64
		{473D4787-A6EA-4947-B629-84DC720793C5}.MinSizeRel|x64.ActiveCfg = Release|x64
		{473D4787-A6EA-4947-B629-84DC720793C5}.MinSizeRel|x64.Build.0 = Release|x64
		{473D4787-A6EA-4947-B629-84DC720793C5}.MinSizeRel|x86.ActiveCfg = Release|Win32
		{473D4787-A6EA-4947-B629-84DC720793C5}.MinSizeRel|x86.Build.0 = Release|Win32
		{473D4787-A6EA-4947-B629-84DC720793C5}.Release|Any CPU.ActiveCfg = Release|Win32
		{473D4787-A6EA-4947-B629-84DC720793C5}.Release|ARM.ActiveCfg = Release|Win32
		{473D4787-A6EA-4947-B629-84DC720793C5}.Release|x64.ActiveCfg = Release|x64
		{473D4787-A6EA-4947-B629-84DC720793C5}.Release|x64.Build.0 = Release|x64
		{473D4787-A6EA-4947-B629-84DC720793C5}.Release|x86.ActiveCfg = Release|Win32
		{473D4787-A6EA-4947-B629-84DC720793C5}.Release|x86.Build.0 = Release|Win32
		{473D4787-A6EA-4947-B629-84DC720793C5}.RelWithDebInfo|Any CPU.ActiveCfg = Release|x64
		{473D4787-A6EA-4947-B629-84DC720793C5}.RelWithDebInfo|Any CPU.Build.0 = Release|x64
		{473D4787-A6EA-4947-B629-84DC720793C5}.RelWithDebInfo|ARM.ActiveCfg = Release|x64
		{473D4787-A6EA-4947-B629-84DC720793C5}.RelWithDebInfo|ARM.Build.0 = Release|x64
		{473D4787-A6EA-4947-B629-84DC720793C5}.RelWithDebInfo|x64.ActiveCfg = Release|x64
		{473D4787-A6EA-4947-B629-84DC720793C5}.RelWithDebInfo|x64.Build.0 = Release|x64
		{473D4787-A6EA-4947-B629-84DC720793C5}.RelWithDebInfo|x86.ActiveCfg = Release|Win32
		{473D4787-A6EA-4947-B629-84DC720793C5}.RelWithDebInfo|x86.Build.0 = Release|Win32
		{EC7B8868-430E-4D5F-87D1-675ED849EA39}.Debug|Any CPU.ActiveCfg = Debug|Any CPU
		{EC7B8868-430E-4D5F-87D1-675ED849EA39}.Debug|Any CPU.Build.0 = Debug|Any CPU
		{EC7B8868-430E-4D5F-87D1-675ED849EA39}.Debug|ARM.ActiveCfg = Debug|Any CPU
		{EC7B8868-430E-4D5F-87D1-675ED849EA39}.Debug|ARM.Build.0 = Debug|Any CPU
		{EC7B8868-430E-4D5F-87D1-675ED849EA39}.Debug|x64.ActiveCfg = Debug|Any CPU
		{EC7B8868-430E-4D5F-87D1-675ED849EA39}.Debug|x64.Build.0 = Debug|Any CPU
		{EC7B8868-430E-4D5F-87D1-675ED849EA39}.Debug|x86.ActiveCfg = Debug|Any CPU
		{EC7B8868-430E-4D5F-87D1-675ED849EA39}.Debug|x86.Build.0 = Debug|Any CPU
		{EC7B8868-430E-4D5F-87D1-675ED849EA39}.EditorDebug|Any CPU.ActiveCfg = EditorDebug|Any CPU
		{EC7B8868-430E-4D5F-87D1-675ED849EA39}.EditorDebug|Any CPU.Build.0 = EditorDebug|Any CPU
		{EC7B8868-430E-4D5F-87D1-675ED849EA39}.EditorDebug|ARM.ActiveCfg = EditorDebug|Any CPU
		{EC7B8868-430E-4D5F-87D1-675ED849EA39}.EditorDebug|ARM.Build.0 = EditorDebug|Any CPU
		{EC7B8868-430E-4D5F-87D1-675ED849EA39}.EditorDebug|x64.ActiveCfg = EditorDebug|Any CPU
		{EC7B8868-430E-4D5F-87D1-675ED849EA39}.EditorDebug|x64.Build.0 = EditorDebug|Any CPU
		{EC7B8868-430E-4D5F-87D1-675ED849EA39}.EditorDebug|x86.ActiveCfg = EditorDebug|Any CPU
		{EC7B8868-430E-4D5F-87D1-675ED849EA39}.EditorDebug|x86.Build.0 = EditorDebug|Any CPU
		{EC7B8868-430E-4D5F-87D1-675ED849EA39}.EditorRelease|Any CPU.ActiveCfg = EditorRelease|Any CPU
		{EC7B8868-430E-4D5F-87D1-675ED849EA39}.EditorRelease|Any CPU.Build.0 = EditorRelease|Any CPU
		{EC7B8868-430E-4D5F-87D1-675ED849EA39}.EditorRelease|ARM.ActiveCfg = EditorRelease|Any CPU
		{EC7B8868-430E-4D5F-87D1-675ED849EA39}.EditorRelease|ARM.Build.0 = EditorRelease|Any CPU
		{EC7B8868-430E-4D5F-87D1-675ED849EA39}.EditorRelease|x64.ActiveCfg = EditorRelease|Any CPU
		{EC7B8868-430E-4D5F-87D1-675ED849EA39}.EditorRelease|x64.Build.0 = EditorRelease|Any CPU
		{EC7B8868-430E-4D5F-87D1-675ED849EA39}.EditorRelease|x86.ActiveCfg = EditorRelease|Any CPU
		{EC7B8868-430E-4D5F-87D1-675ED849EA39}.EditorRelease|x86.Build.0 = EditorRelease|Any CPU
		{EC7B8868-430E-4D5F-87D1-675ED849EA39}.GL_Release|Any CPU.ActiveCfg = Release|Any CPU
		{EC7B8868-430E-4D5F-87D1-675ED849EA39}.GL_Release|Any CPU.Build.0 = Release|Any CPU
		{EC7B8868-430E-4D5F-87D1-675ED849EA39}.GL_Release|ARM.ActiveCfg = Release|Any CPU
		{EC7B8868-430E-4D5F-87D1-675ED849EA39}.GL_Release|ARM.Build.0 = Release|Any CPU
		{EC7B8868-430E-4D5F-87D1-675ED849EA39}.GL_Release|x64.ActiveCfg = Release|Any CPU
		{EC7B8868-430E-4D5F-87D1-675ED849EA39}.GL_Release|x64.Build.0 = Release|Any CPU
		{EC7B8868-430E-4D5F-87D1-675ED849EA39}.GL_Release|x86.ActiveCfg = Release|Any CPU
		{EC7B8868-430E-4D5F-87D1-675ED849EA39}.GL_Release|x86.Build.0 = Release|Any CPU
		{EC7B8868-430E-4D5F-87D1-675ED849EA39}.GLES_Debug|Any CPU.ActiveCfg = Debug|Any CPU
		{EC7B8868-430E-4D5F-87D1-675ED849EA39}.GLES_Debug|Any CPU.Build.0 = Debug|Any CPU
		{EC7B8868-430E-4D5F-87D1-675ED849EA39}.GLES_Debug|ARM.ActiveCfg = Debug|Any CPU
		{EC7B8868-430E-4D5F-87D1-675ED849EA39}.GLES_Debug|ARM.Build.0 = Debug|Any CPU
		{EC7B8868-430E-4D5F-87D1-675ED849EA39}.GLES_Debug|x64.ActiveCfg = Debug|Any CPU
		{EC7B8868-430E-4D5F-87D1-675ED849EA39}.GLES_Debug|x64.Build.0 = Debug|Any CPU
		{EC7B8868-430E-4D5F-87D1-675ED849EA39}.GLES_Debug|x86.ActiveCfg = Debug|Any CPU
		{EC7B8868-430E-4D5F-87D1-675ED849EA39}.GLES_Debug|x86.Build.0 = Debug|Any CPU
		{EC7B8868-430E-4D5F-87D1-675ED849EA39}.GLES_Release|Any CPU.ActiveCfg = Release|Any CPU
		{EC7B8868-430E-4D5F-87D1-675ED849EA39}.GLES_Release|Any CPU.Build.0 = Release|Any CPU
		{EC7B8868-430E-4D5F-87D1-675ED849EA39}.GLES_Release|ARM.ActiveCfg = Release|Any CPU
		{EC7B8868-430E-4D5F-87D1-675ED849EA39}.GLES_Release|ARM.Build.0 = Release|Any CPU
		{EC7B8868-430E-4D5F-87D1-675ED849EA39}.GLES_Release|x64.ActiveCfg = Release|Any CPU
		{EC7B8868-430E-4D5F-87D1-675ED849EA39}.GLES_Release|x64.Build.0 = Release|Any CPU
		{EC7B8868-430E-4D5F-87D1-675ED849EA39}.GLES_Release|x86.ActiveCfg = Release|Any CPU
		{EC7B8868-430E-4D5F-87D1-675ED849EA39}.GLES_Release|x86.Build.0 = Release|Any CPU
		{EC7B8868-430E-4D5F-87D1-675ED849EA39}.MinSizeRel|Any CPU.ActiveCfg = Release|Any CPU
		{EC7B8868-430E-4D5F-87D1-675ED849EA39}.MinSizeRel|Any CPU.Build.0 = Release|Any CPU
		{EC7B8868-430E-4D5F-87D1-675ED849EA39}.MinSizeRel|ARM.ActiveCfg = Release|Any CPU
		{EC7B8868-430E-4D5F-87D1-675ED849EA39}.MinSizeRel|ARM.Build.0 = Release|Any CPU
		{EC7B8868-430E-4D5F-87D1-675ED849EA39}.MinSizeRel|x64.ActiveCfg = Release|Any CPU
		{EC7B8868-430E-4D5F-87D1-675ED849EA39}.MinSizeRel|x64.Build.0 = Release|Any CPU
		{EC7B8868-430E-4D5F-87D1-675ED849EA39}.MinSizeRel|x86.ActiveCfg = Release|Any CPU
		{EC7B8868-430E-4D5F-87D1-675ED849EA39}.MinSizeRel|x86.Build.0 = Release|Any CPU
		{EC7B8868-430E-4D5F-87D1-675ED849EA39}.Release|Any CPU.ActiveCfg = Release|Any CPU
		{EC7B8868-430E-4D5F-87D1-675ED849EA39}.Release|Any CPU.Build.0 = Release|Any CPU
		{EC7B8868-430E-4D5F-87D1-675ED849EA39}.Release|ARM.ActiveCfg = Release|Any CPU
		{EC7B8868-430E-4D5F-87D1-675ED849EA39}.Release|ARM.Build.0 = Release|Any CPU
		{EC7B8868-430E-4D5F-87D1-675ED849EA39}.Release|x64.ActiveCfg = Release|Any CPU
		{EC7B8868-430E-4D5F-87D1-675ED849EA39}.Release|x64.Build.0 = Release|Any CPU
		{EC7B8868-430E-4D5F-87D1-675ED849EA39}.Release|x86.ActiveCfg = Release|Any CPU
		{EC7B8868-430E-4D5F-87D1-675ED849EA39}.Release|x86.Build.0 = Release|Any CPU
		{EC7B8868-430E-4D5F-87D1-675ED849EA39}.RelWithDebInfo|Any CPU.ActiveCfg = Release|Any CPU
		{EC7B8868-430E-4D5F-87D1-675ED849EA39}.RelWithDebInfo|Any CPU.Build.0 = Release|Any CPU
		{EC7B8868-430E-4D5F-87D1-675ED849EA39}.RelWithDebInfo|ARM.ActiveCfg = Release|Any CPU
		{EC7B8868-430E-4D5F-87D1-675ED849EA39}.RelWithDebInfo|ARM.Build.0 = Release|Any CPU
		{EC7B8868-430E-4D5F-87D1-675ED849EA39}.RelWithDebInfo|x64.ActiveCfg = Release|Any CPU
		{EC7B8868-430E-4D5F-87D1-675ED849EA39}.RelWithDebInfo|x64.Build.0 = Release|Any CPU
		{EC7B8868-430E-4D5F-87D1-675ED849EA39}.RelWithDebInfo|x86.ActiveCfg = Release|Any CPU
		{EC7B8868-430E-4D5F-87D1-675ED849EA39}.RelWithDebInfo|x86.Build.0 = Release|Any CPU
		{F1202232-1E69-4BD4-A088-EE079B683B94}.Debug|Any CPU.ActiveCfg = Debug|Win32
		{F1202232-1E69-4BD4-A088-EE079B683B94}.Debug|ARM.ActiveCfg = Debug|Win32
		{F1202232-1E69-4BD4-A088-EE079B683B94}.Debug|x64.ActiveCfg = Debug|Win32
		{F1202232-1E69-4BD4-A088-EE079B683B94}.Debug|x86.ActiveCfg = Debug|Win32
		{F1202232-1E69-4BD4-A088-EE079B683B94}.Debug|x86.Build.0 = Debug|Win32
		{F1202232-1E69-4BD4-A088-EE079B683B94}.EditorDebug|Any CPU.ActiveCfg = EditorDebug|Win32
		{F1202232-1E69-4BD4-A088-EE079B683B94}.EditorDebug|Any CPU.Build.0 = EditorDebug|Win32
		{F1202232-1E69-4BD4-A088-EE079B683B94}.EditorDebug|ARM.ActiveCfg = EditorDebug|Win32
		{F1202232-1E69-4BD4-A088-EE079B683B94}.EditorDebug|x64.ActiveCfg = EditorDebug|Win32
		{F1202232-1E69-4BD4-A088-EE079B683B94}.EditorDebug|x86.ActiveCfg = EditorDebug|Win32
		{F1202232-1E69-4BD4-A088-EE079B683B94}.EditorRelease|Any CPU.ActiveCfg = Release|Win32
		{F1202232-1E69-4BD4-A088-EE079B683B94}.EditorRelease|Any CPU.Build.0 = Release|Win32
		{F1202232-1E69-4BD4-A088-EE079B683B94}.EditorRelease|ARM.ActiveCfg = Release|Win32
		{F1202232-1E69-4BD4-A088-EE079B683B94}.EditorRelease|ARM.Build.0 = Release|Win32
		{F1202232-1E69-4BD4-A088-EE079B683B94}.EditorRelease|x64.ActiveCfg = Release|Win32
		{F1202232-1E69-4BD4-A088-EE079B683B94}.EditorRelease|x64.Build.0 = Release|Win32
		{F1202232-1E69-4BD4-A088-EE079B683B94}.EditorRelease|x86.ActiveCfg = Release|Win32
		{F1202232-1E69-4BD4-A088-EE079B683B94}.EditorRelease|x86.Build.0 = Release|Win32
		{F1202232-1E69-4BD4-A088-EE079B683B94}.GL_Release|Any CPU.ActiveCfg = Release|Win32
		{F1202232-1E69-4BD4-A088-EE079B683B94}.GL_Release|Any CPU.Build.0 = Release|Win32
		{F1202232-1E69-4BD4-A088-EE079B683B94}.GL_Release|ARM.ActiveCfg = Release|Win32
		{F1202232-1E69-4BD4-A088-EE079B683B94}.GL_Release|ARM.Build.0 = Release|Win32
		{F1202232-1E69-4BD4-A088-EE079B683B94}.GL_Release|x64.ActiveCfg = Release|Win32
		{F1202232-1E69-4BD4-A088-EE079B683B94}.GL_Release|x64.Build.0 = Release|Win32
		{F1202232-1E69-4BD4-A088-EE079B683B94}.GL_Release|x86.ActiveCfg = Release|Win32
		{F1202232-1E69-4BD4-A088-EE079B683B94}.GL_Release|x86.Build.0 = Release|Win32
		{F1202232-1E69-4BD4-A088-EE079B683B94}.GLES_Debug|Any CPU.ActiveCfg = Release|Win32
		{F1202232-1E69-4BD4-A088-EE079B683B94}.GLES_Debug|Any CPU.Build.0 = Release|Win32
		{F1202232-1E69-4BD4-A088-EE079B683B94}.GLES_Debug|ARM.ActiveCfg = Release|Win32
		{F1202232-1E69-4BD4-A088-EE079B683B94}.GLES_Debug|ARM.Build.0 = Release|Win32
		{F1202232-1E69-4BD4-A088-EE079B683B94}.GLES_Debug|x64.ActiveCfg = Release|Win32
		{F1202232-1E69-4BD4-A088-EE079B683B94}.GLES_Debug|x64.Build.0 = Release|Win32
		{F1202232-1E69-4BD4-A088-EE079B683B94}.GLES_Debug|x86.ActiveCfg = Debug|Win32
		{F1202232-1E69-4BD4-A088-EE079B683B94}.GLES_Debug|x86.Build.0 = Debug|Win32
		{F1202232-1E69-4BD4-A088-EE079B683B94}.GLES_Release|Any CPU.ActiveCfg = Release|Win32
		{F1202232-1E69-4BD4-A088-EE079B683B94}.GLES_Release|Any CPU.Build.0 = Release|Win32
		{F1202232-1E69-4BD4-A088-EE079B683B94}.GLES_Release|ARM.ActiveCfg = Release|Win32
		{F1202232-1E69-4BD4-A088-EE079B683B94}.GLES_Release|ARM.Build.0 = Release|Win32
		{F1202232-1E69-4BD4-A088-EE079B683B94}.GLES_Release|x64.ActiveCfg = Release|Win32
		{F1202232-1E69-4BD4-A088-EE079B683B94}.GLES_Release|x64.Build.0 = Release|Win32
		{F1202232-1E69-4BD4-A088-EE079B683B94}.GLES_Release|x86.ActiveCfg = Release|Win32
		{F1202232-1E69-4BD4-A088-EE079B683B94}.GLES_Release|x86.Build.0 = Release|Win32
		{F1202232-1E69-4BD4-A088-EE079B683B94}.MinSizeRel|Any CPU.ActiveCfg = Release|Win32
		{F1202232-1E69-4BD4-A088-EE079B683B94}.MinSizeRel|Any CPU.Build.0 = Release|Win32
		{F1202232-1E69-4BD4-A088-EE079B683B94}.MinSizeRel|ARM.ActiveCfg = Release|Win32
		{F1202232-1E69-4BD4-A088-EE079B683B94}.MinSizeRel|ARM.Build.0 = Release|Win32
		{F1202232-1E69-4BD4-A088-EE079B683B94}.MinSizeRel|x64.ActiveCfg = Release|Win32
		{F1202232-1E69-4BD4-A088-EE079B683B94}.MinSizeRel|x64.Build.0 = Release|Win32
		{F1202232-1E69-4BD4-A088-EE079B683B94}.MinSizeRel|x86.ActiveCfg = Release|Win32
		{F1202232-1E69-4BD4-A088-EE079B683B94}.MinSizeRel|x86.Build.0 = Release|Win32
		{F1202232-1E69-4BD4-A088-EE079B683B94}.Release|Any CPU.ActiveCfg = Release|Win32
		{F1202232-1E69-4BD4-A088-EE079B683B94}.Release|ARM.ActiveCfg = Release|Win32
		{F1202232-1E69-4BD4-A088-EE079B683B94}.Release|x64.ActiveCfg = Release|Win32
		{F1202232-1E69-4BD4-A088-EE079B683B94}.Release|x86.ActiveCfg = Release|Win32
		{F1202232-1E69-4BD4-A088-EE079B683B94}.Release|x86.Build.0 = Release|Win32
		{F1202232-1E69-4BD4-A088-EE079B683B94}.RelWithDebInfo|Any CPU.ActiveCfg = Release|Win32
		{F1202232-1E69-4BD4-A088-EE079B683B94}.RelWithDebInfo|Any CPU.Build.0 = Release|Win32
		{F1202232-1E69-4BD4-A088-EE079B683B94}.RelWithDebInfo|ARM.ActiveCfg = Release|Win32
		{F1202232-1E69-4BD4-A088-EE079B683B94}.RelWithDebInfo|ARM.Build.0 = Release|Win32
		{F1202232-1E69-4BD4-A088-EE079B683B94}.RelWithDebInfo|x64.ActiveCfg = Release|Win32
		{F1202232-1E69-4BD4-A088-EE079B683B94}.RelWithDebInfo|x64.Build.0 = Release|Win32
		{F1202232-1E69-4BD4-A088-EE079B683B94}.RelWithDebInfo|x86.ActiveCfg = Release|Win32
		{F1202232-1E69-4BD4-A088-EE079B683B94}.RelWithDebInfo|x86.Build.0 = Release|Win32
		{0DE1F650-7E3C-430A-98CF-B1DE52199E46}.Debug|Any CPU.ActiveCfg = Debug|Any CPU
		{0DE1F650-7E3C-430A-98CF-B1DE52199E46}.Debug|Any CPU.Build.0 = Debug|Any CPU
		{0DE1F650-7E3C-430A-98CF-B1DE52199E46}.Debug|ARM.ActiveCfg = Debug|Any CPU
		{0DE1F650-7E3C-430A-98CF-B1DE52199E46}.Debug|ARM.Build.0 = Debug|Any CPU
		{0DE1F650-7E3C-430A-98CF-B1DE52199E46}.Debug|x64.ActiveCfg = Debug|Any CPU
		{0DE1F650-7E3C-430A-98CF-B1DE52199E46}.Debug|x64.Build.0 = Debug|Any CPU
		{0DE1F650-7E3C-430A-98CF-B1DE52199E46}.Debug|x86.ActiveCfg = Debug|Any CPU
		{0DE1F650-7E3C-430A-98CF-B1DE52199E46}.Debug|x86.Build.0 = Debug|Any CPU
		{0DE1F650-7E3C-430A-98CF-B1DE52199E46}.EditorDebug|Any CPU.ActiveCfg = EditorDebug|Any CPU
		{0DE1F650-7E3C-430A-98CF-B1DE52199E46}.EditorDebug|Any CPU.Build.0 = EditorDebug|Any CPU
		{0DE1F650-7E3C-430A-98CF-B1DE52199E46}.EditorDebug|ARM.ActiveCfg = EditorDebug|Any CPU
		{0DE1F650-7E3C-430A-98CF-B1DE52199E46}.EditorDebug|ARM.Build.0 = EditorDebug|Any CPU
		{0DE1F650-7E3C-430A-98CF-B1DE52199E46}.EditorDebug|x64.ActiveCfg = EditorDebug|Any CPU
		{0DE1F650-7E3C-430A-98CF-B1DE52199E46}.EditorDebug|x64.Build.0 = EditorDebug|Any CPU
		{0DE1F650-7E3C-430A-98CF-B1DE52199E46}.EditorDebug|x86.ActiveCfg = EditorDebug|Any CPU
		{0DE1F650-7E3C-430A-98CF-B1DE52199E46}.EditorDebug|x86.Build.0 = EditorDebug|Any CPU
		{0DE1F650-7E3C-430A-98CF-B1DE52199E46}.EditorRelease|Any CPU.ActiveCfg = Release|Any CPU
		{0DE1F650-7E3C-430A-98CF-B1DE52199E46}.EditorRelease|Any CPU.Build.0 = Release|Any CPU
		{0DE1F650-7E3C-430A-98CF-B1DE52199E46}.EditorRelease|ARM.ActiveCfg = Release|Any CPU
		{0DE1F650-7E3C-430A-98CF-B1DE52199E46}.EditorRelease|ARM.Build.0 = Release|Any CPU
		{0DE1F650-7E3C-430A-98CF-B1DE52199E46}.EditorRelease|x64.ActiveCfg = Release|Any CPU
		{0DE1F650-7E3C-430A-98CF-B1DE52199E46}.EditorRelease|x64.Build.0 = Release|Any CPU
		{0DE1F650-7E3C-430A-98CF-B1DE52199E46}.EditorRelease|x86.ActiveCfg = Release|Any CPU
		{0DE1F650-7E3C-430A-98CF-B1DE52199E46}.EditorRelease|x86.Build.0 = Release|Any CPU
		{0DE1F650-7E3C-430A-98CF-B1DE52199E46}.GL_Release|Any CPU.ActiveCfg = Release|Any CPU
		{0DE1F650-7E3C-430A-98CF-B1DE52199E46}.GL_Release|Any CPU.Build.0 = Release|Any CPU
		{0DE1F650-7E3C-430A-98CF-B1DE52199E46}.GL_Release|ARM.ActiveCfg = Release|Any CPU
		{0DE1F650-7E3C-430A-98CF-B1DE52199E46}.GL_Release|ARM.Build.0 = Release|Any CPU
		{0DE1F650-7E3C-430A-98CF-B1DE52199E46}.GL_Release|x64.ActiveCfg = Release|Any CPU
		{0DE1F650-7E3C-430A-98CF-B1DE52199E46}.GL_Release|x64.Build.0 = Release|Any CPU
		{0DE1F650-7E3C-430A-98CF-B1DE52199E46}.GL_Release|x86.ActiveCfg = Release|Any CPU
		{0DE1F650-7E3C-430A-98CF-B1DE52199E46}.GL_Release|x86.Build.0 = Release|Any CPU
		{0DE1F650-7E3C-430A-98CF-B1DE52199E46}.GLES_Debug|Any CPU.ActiveCfg = Debug|Any CPU
		{0DE1F650-7E3C-430A-98CF-B1DE52199E46}.GLES_Debug|Any CPU.Build.0 = Debug|Any CPU
		{0DE1F650-7E3C-430A-98CF-B1DE52199E46}.GLES_Debug|ARM.ActiveCfg = Debug|Any CPU
		{0DE1F650-7E3C-430A-98CF-B1DE52199E46}.GLES_Debug|ARM.Build.0 = Debug|Any CPU
		{0DE1F650-7E3C-430A-98CF-B1DE52199E46}.GLES_Debug|x64.ActiveCfg = Debug|Any CPU
		{0DE1F650-7E3C-430A-98CF-B1DE52199E46}.GLES_Debug|x64.Build.0 = Debug|Any CPU
		{0DE1F650-7E3C-430A-98CF-B1DE52199E46}.GLES_Debug|x86.ActiveCfg = Debug|Any CPU
		{0DE1F650-7E3C-430A-98CF-B1DE52199E46}.GLES_Debug|x86.Build.0 = Debug|Any CPU
		{0DE1F650-7E3C-430A-98CF-B1DE52199E46}.GLES_Release|Any CPU.ActiveCfg = Release|Any CPU
		{0DE1F650-7E3C-430A-98CF-B1DE52199E46}.GLES_Release|Any CPU.Build.0 = Release|Any CPU
		{0DE1F650-7E3C-430A-98CF-B1DE52199E46}.GLES_Release|ARM.ActiveCfg = Release|Any CPU
		{0DE1F650-7E3C-430A-98CF-B1DE52199E46}.GLES_Release|ARM.Build.0 = Release|Any CPU
		{0DE1F650-7E3C-430A-98CF-B1DE52199E46}.GLES_Release|x64.ActiveCfg = Release|Any CPU
		{0DE1F650-7E3C-430A-98CF-B1DE52199E46}.GLES_Release|x64.Build.0 = Release|Any CPU
		{0DE1F650-7E3C-430A-98CF-B1DE52199E46}.GLES_Release|x86.ActiveCfg = Release|Any CPU
		{0DE1F650-7E3C-430A-98CF-B1DE52199E46}.GLES_Release|x86.Build.0 = Release|Any CPU
		{0DE1F650-7E3C-430A-98CF-B1DE52199E46}.MinSizeRel|Any CPU.ActiveCfg = Release|Any CPU
		{0DE1F650-7E3C-430A-98CF-B1DE52199E46}.MinSizeRel|Any CPU.Build.0 = Release|Any CPU
		{0DE1F650-7E3C-430A-98CF-B1DE52199E46}.MinSizeRel|ARM.ActiveCfg = Release|Any CPU
		{0DE1F650-7E3C-430A-98CF-B1DE52199E46}.MinSizeRel|ARM.Build.0 = Release|Any CPU
		{0DE1F650-7E3C-430A-98CF-B1DE52199E46}.MinSizeRel|x64.ActiveCfg = Release|Any CPU
		{0DE1F650-7E3C-430A-98CF-B1DE52199E46}.MinSizeRel|x64.Build.0 = Release|Any CPU
		{0DE1F650-7E3C-430A-98CF-B1DE52199E46}.MinSizeRel|x86.ActiveCfg = Release|Any CPU
		{0DE1F650-7E3C-430A-98CF-B1DE52199E46}.MinSizeRel|x86.Build.0 = Release|Any CPU
		{0DE1F650-7E3C-430A-98CF-B1DE52199E46}.Release|Any CPU.ActiveCfg = Release|Any CPU
		{0DE1F650-7E3C-430A-98CF-B1DE52199E46}.Release|Any CPU.Build.0 = Release|Any CPU
		{0DE1F650-7E3C-430A-98CF-B1DE52199E46}.Release|ARM.ActiveCfg = Release|Any CPU
		{0DE1F650-7E3C-430A-98CF-B1DE52199E46}.Release|ARM.Build.0 = Release|Any CPU
		{0DE1F650-7E3C-430A-98CF-B1DE52199E46}.Release|x64.ActiveCfg = Release|Any CPU
		{0DE1F650-7E3C-430A-98CF-B1DE52199E46}.Release|x64.Build.0 = Release|Any CPU
		{0DE1F650-7E3C-430A-98CF-B1DE52199E46}.Release|x86.ActiveCfg = Release|Any CPU
		{0DE1F650-7E3C-430A-98CF-B1DE52199E46}.Release|x86.Build.0 = Release|Any CPU
		{0DE1F650-7E3C-430A-98CF-B1DE52199E46}.RelWithDebInfo|Any CPU.ActiveCfg = Release|Any CPU
		{0DE1F650-7E3C-430A-98CF-B1DE52199E46}.RelWithDebInfo|Any CPU.Build.0 = Release|Any CPU
		{0DE1F650-7E3C-430A-98CF-B1DE52199E46}.RelWithDebInfo|ARM.ActiveCfg = Release|Any CPU
		{0DE1F650-7E3C-430A-98CF-B1DE52199E46}.RelWithDebInfo|ARM.Build.0 = Release|Any CPU
		{0DE1F650-7E3C-430A-98CF-B1DE52199E46}.RelWithDebInfo|x64.ActiveCfg = Release|Any CPU
		{0DE1F650-7E3C-430A-98CF-B1DE52199E46}.RelWithDebInfo|x64.Build.0 = Release|Any CPU
		{0DE1F650-7E3C-430A-98CF-B1DE52199E46}.RelWithDebInfo|x86.ActiveCfg = Release|Any CPU
		{0DE1F650-7E3C-430A-98CF-B1DE52199E46}.RelWithDebInfo|x86.Build.0 = Release|Any CPU
		{357CB652-675C-4375-98F5-D2E373C76E0C}.Debug|Any CPU.ActiveCfg = Debug|Win32
		{357CB652-675C-4375-98F5-D2E373C76E0C}.Debug|ARM.ActiveCfg = Debug|Win32
		{357CB652-675C-4375-98F5-D2E373C76E0C}.Debug|x64.ActiveCfg = Debug|x64
		{357CB652-675C-4375-98F5-D2E373C76E0C}.Debug|x64.Build.0 = Debug|x64
		{357CB652-675C-4375-98F5-D2E373C76E0C}.Debug|x86.ActiveCfg = Debug|Win32
		{357CB652-675C-4375-98F5-D2E373C76E0C}.Debug|x86.Build.0 = Debug|Win32
		{357CB652-675C-4375-98F5-D2E373C76E0C}.EditorDebug|Any CPU.ActiveCfg = EditorDebug|Win32
		{357CB652-675C-4375-98F5-D2E373C76E0C}.EditorDebug|ARM.ActiveCfg = EditorDebug|Win32
		{357CB652-675C-4375-98F5-D2E373C76E0C}.EditorDebug|x64.ActiveCfg = EditorDebug|x64
		{357CB652-675C-4375-98F5-D2E373C76E0C}.EditorDebug|x86.ActiveCfg = EditorDebug|Win32
		{357CB652-675C-4375-98F5-D2E373C76E0C}.EditorRelease|Any CPU.ActiveCfg = EditorRelease|Win32
		{357CB652-675C-4375-98F5-D2E373C76E0C}.EditorRelease|Any CPU.Build.0 = EditorRelease|Win32
		{357CB652-675C-4375-98F5-D2E373C76E0C}.EditorRelease|ARM.ActiveCfg = Release|x64
		{357CB652-675C-4375-98F5-D2E373C76E0C}.EditorRelease|ARM.Build.0 = Release|x64
		{357CB652-675C-4375-98F5-D2E373C76E0C}.EditorRelease|x64.ActiveCfg = Release|x64
		{357CB652-675C-4375-98F5-D2E373C76E0C}.EditorRelease|x64.Build.0 = Release|x64
		{357CB652-675C-4375-98F5-D2E373C76E0C}.EditorRelease|x86.ActiveCfg = Release|Win32
		{357CB652-675C-4375-98F5-D2E373C76E0C}.EditorRelease|x86.Build.0 = Release|Win32
		{357CB652-675C-4375-98F5-D2E373C76E0C}.GL_Release|Any CPU.ActiveCfg = Release|x64
		{357CB652-675C-4375-98F5-D2E373C76E0C}.GL_Release|Any CPU.Build.0 = Release|x64
		{357CB652-675C-4375-98F5-D2E373C76E0C}.GL_Release|ARM.ActiveCfg = Release|x64
		{357CB652-675C-4375-98F5-D2E373C76E0C}.GL_Release|ARM.Build.0 = Release|x64
		{357CB652-675C-4375-98F5-D2E373C76E0C}.GL_Release|x64.ActiveCfg = Release|x64
		{357CB652-675C-4375-98F5-D2E373C76E0C}.GL_Release|x64.Build.0 = Release|x64
		{357CB652-675C-4375-98F5-D2E373C76E0C}.GL_Release|x86.ActiveCfg = Release|Win32
		{357CB652-675C-4375-98F5-D2E373C76E0C}.GL_Release|x86.Build.0 = Release|Win32
		{357CB652-675C-4375-98F5-D2E373C76E0C}.GLES_Debug|Any CPU.ActiveCfg = Release|x64
		{357CB652-675C-4375-98F5-D2E373C76E0C}.GLES_Debug|Any CPU.Build.0 = Release|x64
		{357CB652-675C-4375-98F5-D2E373C76E0C}.GLES_Debug|ARM.ActiveCfg = Release|x64
		{357CB652-675C-4375-98F5-D2E373C76E0C}.GLES_Debug|ARM.Build.0 = Release|x64
		{357CB652-675C-4375-98F5-D2E373C76E0C}.GLES_Debug|x64.ActiveCfg = Debug|x64
		{357CB652-675C-4375-98F5-D2E373C76E0C}.GLES_Debug|x64.Build.0 = Debug|x64
		{357CB652-675C-4375-98F5-D2E373C76E0C}.GLES_Debug|x86.ActiveCfg = Debug|Win32
		{357CB652-675C-4375-98F5-D2E373C76E0C}.GLES_Debug|x86.Build.0 = Debug|Win32
		{357CB652-675C-4375-98F5-D2E373C76E0C}.GLES_Release|Any CPU.ActiveCfg = Release|x64
		{357CB652-675C-4375-98F5-D2E373C76E0C}.GLES_Release|Any CPU.Build.0 = Release|x64
		{357CB652-675C-4375-98F5-D2E373C76E0C}.GLES_Release|ARM.ActiveCfg = Release|x64
		{357CB652-675C-4375-98F5-D2E373C76E0C}.GLES_Release|ARM.Build.0 = Release|x64
		{357CB652-675C-4375-98F5-D2E373C76E0C}.GLES_Release|x64.ActiveCfg = Release|x64
		{357CB652-675C-4375-98F5-D2E373C76E0C}.GLES_Release|x64.Build.0 = Release|x64
		{357CB652-675C-4375-98F5-D2E373C76E0C}.GLES_Release|x86.ActiveCfg = Release|Win32
		{357CB652-675C-4375-98F5-D2E373C76E0C}.GLES_Release|x86.Build.0 = Release|Win32
		{357CB652-675C-4375-98F5-D2E373C76E0C}.MinSizeRel|Any CPU.ActiveCfg = EditorRelease|x64
		{357CB652-675C-4375-98F5-D2E373C76E0C}.MinSizeRel|Any CPU.Build.0 = EditorRelease|x64
		{357CB652-675C-4375-98F5-D2E373C76E0C}.MinSizeRel|ARM.ActiveCfg = EditorRelease|x64
		{357CB652-675C-4375-98F5-D2E373C76E0C}.MinSizeRel|ARM.Build.0 = EditorRelease|x64
		{357CB652-675C-4375-98F5-D2E373C76E0C}.MinSizeRel|x64.ActiveCfg = EditorRelease|x64
		{357CB652-675C-4375-98F5-D2E373C76E0C}.MinSizeRel|x64.Build.0 = EditorRelease|x64
		{357CB652-675C-4375-98F5-D2E373C76E0C}.MinSizeRel|x86.ActiveCfg = Release|Win32
		{357CB652-675C-4375-98F5-D2E373C76E0C}.MinSizeRel|x86.Build.0 = Release|Win32
		{357CB652-675C-4375-98F5-D2E373C76E0C}.Release|Any CPU.ActiveCfg = Release|Win32
		{357CB652-675C-4375-98F5-D2E373C76E0C}.Release|ARM.ActiveCfg = Release|Win32
		{357CB652-675C-4375-98F5-D2E373C76E0C}.Release|x64.ActiveCfg = Release|x64
		{357CB652-675C-4375-98F5-D2E373C76E0C}.Release|x64.Build.0 = Release|x64
		{357CB652-675C-4375-98F5-D2E373C76E0C}.Release|x86.ActiveCfg = Release|Win32
		{357CB652-675C-4375-98F5-D2E373C76E0C}.Release|x86.Build.0 = Release|Win32
		{357CB652-675C-4375-98F5-D2E373C76E0C}.RelWithDebInfo|Any CPU.ActiveCfg = EditorRelease|x64
		{357CB652-675C-4375-98F5-D2E373C76E0C}.RelWithDebInfo|Any CPU.Build.0 = EditorRelease|x64
		{357CB652-675C-4375-98F5-D2E373C76E0C}.RelWithDebInfo|ARM.ActiveCfg = EditorRelease|x64
		{357CB652-675C-4375-98F5-D2E373C76E0C}.RelWithDebInfo|ARM.Build.0 = EditorRelease|x64
		{357CB652-675C-4375-98F5-D2E373C76E0C}.RelWithDebInfo|x64.ActiveCfg = Release|x64
		{357CB652-675C-4375-98F5-D2E373C76E0C}.RelWithDebInfo|x64.Build.0 = Release|x64
		{357CB652-675C-4375-98F5-D2E373C76E0C}.RelWithDebInfo|x86.ActiveCfg = Release|Win32
		{357CB652-675C-4375-98F5-D2E373C76E0C}.RelWithDebInfo|x86.Build.0 = Release|Win32
		{059DC6C7-59C6-4ADF-8960-976A02E7498E}.Debug|Any CPU.ActiveCfg = Debug|Any CPU
		{059DC6C7-59C6-4ADF-8960-976A02E7498E}.Debug|Any CPU.Build.0 = Debug|Any CPU
		{059DC6C7-59C6-4ADF-8960-976A02E7498E}.Debug|ARM.ActiveCfg = Debug|Any CPU
		{059DC6C7-59C6-4ADF-8960-976A02E7498E}.Debug|ARM.Build.0 = Debug|Any CPU
		{059DC6C7-59C6-4ADF-8960-976A02E7498E}.Debug|x64.ActiveCfg = Debug|Any CPU
		{059DC6C7-59C6-4ADF-8960-976A02E7498E}.Debug|x64.Build.0 = Debug|Any CPU
		{059DC6C7-59C6-4ADF-8960-976A02E7498E}.Debug|x86.ActiveCfg = Debug|Any CPU
		{059DC6C7-59C6-4ADF-8960-976A02E7498E}.Debug|x86.Build.0 = Debug|Any CPU
		{059DC6C7-59C6-4ADF-8960-976A02E7498E}.EditorDebug|Any CPU.ActiveCfg = EditorDebug|Any CPU
		{059DC6C7-59C6-4ADF-8960-976A02E7498E}.EditorDebug|Any CPU.Build.0 = EditorDebug|Any CPU
		{059DC6C7-59C6-4ADF-8960-976A02E7498E}.EditorDebug|ARM.ActiveCfg = EditorDebug|Any CPU
		{059DC6C7-59C6-4ADF-8960-976A02E7498E}.EditorDebug|ARM.Build.0 = EditorDebug|Any CPU
		{059DC6C7-59C6-4ADF-8960-976A02E7498E}.EditorDebug|x64.ActiveCfg = EditorDebug|Any CPU
		{059DC6C7-59C6-4ADF-8960-976A02E7498E}.EditorDebug|x64.Build.0 = EditorDebug|Any CPU
		{059DC6C7-59C6-4ADF-8960-976A02E7498E}.EditorDebug|x86.ActiveCfg = EditorDebug|Any CPU
		{059DC6C7-59C6-4ADF-8960-976A02E7498E}.EditorDebug|x86.Build.0 = EditorDebug|Any CPU
		{059DC6C7-59C6-4ADF-8960-976A02E7498E}.EditorRelease|Any CPU.ActiveCfg = Release|Any CPU
		{059DC6C7-59C6-4ADF-8960-976A02E7498E}.EditorRelease|Any CPU.Build.0 = Release|Any CPU
		{059DC6C7-59C6-4ADF-8960-976A02E7498E}.EditorRelease|ARM.ActiveCfg = Release|Any CPU
		{059DC6C7-59C6-4ADF-8960-976A02E7498E}.EditorRelease|ARM.Build.0 = Release|Any CPU
		{059DC6C7-59C6-4ADF-8960-976A02E7498E}.EditorRelease|x64.ActiveCfg = Release|Any CPU
		{059DC6C7-59C6-4ADF-8960-976A02E7498E}.EditorRelease|x64.Build.0 = Release|Any CPU
		{059DC6C7-59C6-4ADF-8960-976A02E7498E}.EditorRelease|x86.ActiveCfg = Release|Any CPU
		{059DC6C7-59C6-4ADF-8960-976A02E7498E}.EditorRelease|x86.Build.0 = Release|Any CPU
		{059DC6C7-59C6-4ADF-8960-976A02E7498E}.GL_Release|Any CPU.ActiveCfg = Release|Any CPU
		{059DC6C7-59C6-4ADF-8960-976A02E7498E}.GL_Release|Any CPU.Build.0 = Release|Any CPU
		{059DC6C7-59C6-4ADF-8960-976A02E7498E}.GL_Release|ARM.ActiveCfg = Release|Any CPU
		{059DC6C7-59C6-4ADF-8960-976A02E7498E}.GL_Release|ARM.Build.0 = Release|Any CPU
		{059DC6C7-59C6-4ADF-8960-976A02E7498E}.GL_Release|x64.ActiveCfg = Release|Any CPU
		{059DC6C7-59C6-4ADF-8960-976A02E7498E}.GL_Release|x64.Build.0 = Release|Any CPU
		{059DC6C7-59C6-4ADF-8960-976A02E7498E}.GL_Release|x86.ActiveCfg = Release|Any CPU
		{059DC6C7-59C6-4ADF-8960-976A02E7498E}.GL_Release|x86.Build.0 = Release|Any CPU
		{059DC6C7-59C6-4ADF-8960-976A02E7498E}.GLES_Debug|Any CPU.ActiveCfg = Debug|Any CPU
		{059DC6C7-59C6-4ADF-8960-976A02E7498E}.GLES_Debug|Any CPU.Build.0 = Debug|Any CPU
		{059DC6C7-59C6-4ADF-8960-976A02E7498E}.GLES_Debug|ARM.ActiveCfg = Debug|Any CPU
		{059DC6C7-59C6-4ADF-8960-976A02E7498E}.GLES_Debug|ARM.Build.0 = Debug|Any CPU
		{059DC6C7-59C6-4ADF-8960-976A02E7498E}.GLES_Debug|x64.ActiveCfg = Debug|Any CPU
		{059DC6C7-59C6-4ADF-8960-976A02E7498E}.GLES_Debug|x64.Build.0 = Debug|Any CPU
		{059DC6C7-59C6-4ADF-8960-976A02E7498E}.GLES_Debug|x86.ActiveCfg = Debug|Any CPU
		{059DC6C7-59C6-4ADF-8960-976A02E7498E}.GLES_Debug|x86.Build.0 = Debug|Any CPU
		{059DC6C7-59C6-4ADF-8960-976A02E7498E}.GLES_Release|Any CPU.ActiveCfg = Release|Any CPU
		{059DC6C7-59C6-4ADF-8960-976A02E7498E}.GLES_Release|Any CPU.Build.0 = Release|Any CPU
		{059DC6C7-59C6-4ADF-8960-976A02E7498E}.GLES_Release|ARM.ActiveCfg = Release|Any CPU
		{059DC6C7-59C6-4ADF-8960-976A02E7498E}.GLES_Release|ARM.Build.0 = Release|Any CPU
		{059DC6C7-59C6-4ADF-8960-976A02E7498E}.GLES_Release|x64.ActiveCfg = Release|Any CPU
		{059DC6C7-59C6-4ADF-8960-976A02E7498E}.GLES_Release|x64.Build.0 = Release|Any CPU
		{059DC6C7-59C6-4ADF-8960-976A02E7498E}.GLES_Release|x86.ActiveCfg = Release|Any CPU
		{059DC6C7-59C6-4ADF-8960-976A02E7498E}.GLES_Release|x86.Build.0 = Release|Any CPU
		{059DC6C7-59C6-4ADF-8960-976A02E7498E}.MinSizeRel|Any CPU.ActiveCfg = Release|Any CPU
		{059DC6C7-59C6-4ADF-8960-976A02E7498E}.MinSizeRel|Any CPU.Build.0 = Release|Any CPU
		{059DC6C7-59C6-4ADF-8960-976A02E7498E}.MinSizeRel|ARM.ActiveCfg = Release|Any CPU
		{059DC6C7-59C6-4ADF-8960-976A02E7498E}.MinSizeRel|ARM.Build.0 = Release|Any CPU
		{059DC6C7-59C6-4ADF-8960-976A02E7498E}.MinSizeRel|x64.ActiveCfg = Release|Any CPU
		{059DC6C7-59C6-4ADF-8960-976A02E7498E}.MinSizeRel|x64.Build.0 = Release|Any CPU
		{059DC6C7-59C6-4ADF-8960-976A02E7498E}.MinSizeRel|x86.ActiveCfg = Release|Any CPU
		{059DC6C7-59C6-4ADF-8960-976A02E7498E}.MinSizeRel|x86.Build.0 = Release|Any CPU
		{059DC6C7-59C6-4ADF-8960-976A02E7498E}.Release|Any CPU.ActiveCfg = Release|Any CPU
		{059DC6C7-59C6-4ADF-8960-976A02E7498E}.Release|Any CPU.Build.0 = Release|Any CPU
		{059DC6C7-59C6-4ADF-8960-976A02E7498E}.Release|ARM.ActiveCfg = Release|Any CPU
		{059DC6C7-59C6-4ADF-8960-976A02E7498E}.Release|ARM.Build.0 = Release|Any CPU
		{059DC6C7-59C6-4ADF-8960-976A02E7498E}.Release|x64.ActiveCfg = Release|Any CPU
		{059DC6C7-59C6-4ADF-8960-976A02E7498E}.Release|x64.Build.0 = Release|Any CPU
		{059DC6C7-59C6-4ADF-8960-976A02E7498E}.Release|x86.ActiveCfg = Release|Any CPU
		{059DC6C7-59C6-4ADF-8960-976A02E7498E}.Release|x86.Build.0 = Release|Any CPU
		{059DC6C7-59C6-4ADF-8960-976A02E7498E}.RelWithDebInfo|Any CPU.ActiveCfg = Release|Any CPU
		{059DC6C7-59C6-4ADF-8960-976A02E7498E}.RelWithDebInfo|Any CPU.Build.0 = Release|Any CPU
		{059DC6C7-59C6-4ADF-8960-976A02E7498E}.RelWithDebInfo|ARM.ActiveCfg = Release|Any CPU
		{059DC6C7-59C6-4ADF-8960-976A02E7498E}.RelWithDebInfo|ARM.Build.0 = Release|Any CPU
		{059DC6C7-59C6-4ADF-8960-976A02E7498E}.RelWithDebInfo|x64.ActiveCfg = Release|Any CPU
		{059DC6C7-59C6-4ADF-8960-976A02E7498E}.RelWithDebInfo|x64.Build.0 = Release|Any CPU
		{059DC6C7-59C6-4ADF-8960-976A02E7498E}.RelWithDebInfo|x86.ActiveCfg = Release|Any CPU
		{059DC6C7-59C6-4ADF-8960-976A02E7498E}.RelWithDebInfo|x86.Build.0 = Release|Any CPU
	EndGlobalSection
	GlobalSection(SolutionProperties) = preSolution
		HideSolutionNode = FALSE
	EndGlobalSection
	GlobalSection(NestedProjects) = preSolution
		{574B5BA6-FBB4-4250-BF33-67FB7AE17C6B} = {3B7CE0CC-F093-4B66-A999-F515A02E1C3B}
		{9DD66EDB-26DB-4765-862D-FE5619046543} = {3B7CE0CC-F093-4B66-A999-F515A02E1C3B}
		{473D4787-A6EA-4947-B629-84DC720793C5} = {3B7CE0CC-F093-4B66-A999-F515A02E1C3B}
		{EC7B8868-430E-4D5F-87D1-675ED849EA39} = {F6CF3703-2AA0-4093-8485-F56E111BCE66}
		{F1202232-1E69-4BD4-A088-EE079B683B94} = {F6CF3703-2AA0-4093-8485-F56E111BCE66}
		{0DE1F650-7E3C-430A-98CF-B1DE52199E46} = {F6CF3703-2AA0-4093-8485-F56E111BCE66}
		{357CB652-675C-4375-98F5-D2E373C76E0C} = {3B7CE0CC-F093-4B66-A999-F515A02E1C3B}
		{059DC6C7-59C6-4ADF-8960-976A02E7498E} = {F6CF3703-2AA0-4093-8485-F56E111BCE66}
	EndGlobalSection
EndGlobal
