<?xml version="1.0" encoding="utf-8"?>
<Project ToolsVersion="4.0" xmlns="http://schemas.microsoft.com/developer/msbuild/2003">
  <ItemGroup>
    <Filter Include="资源文件">
      <UniqueIdentifier>{67DA6AB6-F800-4c08-8B7A-83BB121AAD01}</UniqueIdentifier>
      <Extensions>rc;ico;cur;bmp;dlg;rc2;rct;bin;rgs;gif;jpg;jpeg;jpe;resx;tiff;tif;png;wav;mfcribbon-ms</Extensions>
    </Filter>
    <Filter Include="RenderSystem">
      <UniqueIdentifier>{ee8d48be-7463-4ee5-a9d9-bf625079e0e8}</UniqueIdentifier>
    </Filter>
    <Filter Include="Table">
      <UniqueIdentifier>{3461e928-46e6-47ff-8912-a1af93892348}</UniqueIdentifier>
    </Filter>
    <Filter Include="PubInterface">
      <UniqueIdentifier>{d0f9c3a1-3add-4d30-862d-2e5a12d40949}</UniqueIdentifier>
    </Filter>
    <Filter Include="Object">
      <UniqueIdentifier>{cf4fe767-5cee-48bb-89e9-c2f8ad92b182}</UniqueIdentifier>
    </Filter>
    <Filter Include="E3DMath">
      <UniqueIdentifier>{8b92edcf-1024-4b02-95d3-2b8a95073404}</UniqueIdentifier>
    </Filter>
    <Filter Include="Source">
      <UniqueIdentifier>{ec391add-967b-49e8-93ab-b0bf35ce9cb0}</UniqueIdentifier>
    </Filter>
  </ItemGroup>
  <ItemGroup>
    <Text Include="ReadMe.txt" />
  </ItemGroup>
</Project>