
Microsoft Visual Studio Solution File, Format Version 12.00
# Visual Studio 14
VisualStudioVersion = 14.0.25420.1
MinimumVisualStudioVersion = 10.0.40219.1
Project("{FAE04EC0-301F-11D3-BF4B-00C04F79EFBC}") = "Demo.CSharp", "Demo.CSharp.csproj", "{CAEDC07F-1B36-401B-B7E4-F8A59489F81B}"
EndProject
Global
	GlobalSection(SolutionConfigurationPlatforms) = preSolution
		Debug|Any CPU = Debug|Any CPU
		Release|Any CPU = Release|Any CPU
	EndGlobalSection
	GlobalSection(ProjectConfigurationPlatforms) = postSolution
		{CAEDC07F-1B36-401B-B7E4-F8A59489F81B}.Debug|Any CPU.ActiveCfg = Debug|Any CPU
		{CAEDC07F-1B36-401B-B7E4-F8A59489F81B}.Debug|Any CPU.Build.0 = Debug|Any CPU
		{CAEDC07F-1B36-401B-B7E4-F8A59489F81B}.Release|Any CPU.ActiveCfg = Release|Any CPU
		{CAEDC07F-1B36-401B-B7E4-F8A59489F81B}.Release|Any CPU.Build.0 = Release|Any CPU
	EndGlobalSection
	GlobalSection(SolutionProperties) = preSolution
		HideSolutionNode = FALSE
	EndGlobalSection
EndGlobal
